version = 1
revision = 3
requires-python = ">=3.7"
resolution-markers = [
    "python_full_version >= '3.12'",
    "python_full_version >= '3.8' and python_full_version < '3.12'",
    "python_full_version < '3.8'",
]

[[package]]
name = "prek"
version = "0.4.5"
source = { registry = "https://pypi.org/simple" }
sdist = { url = "https://files.pythonhosted.org/packages/2f/65/23866f43521d31173879aa74bb3a2df50ab7f3f74cdb4eaa31b8f446c7ca/prek-0.4.5.tar.gz", hash = "sha256:2be7bcf839de19a0144ed5a5aadf73bc5899cf6823bb1c58cf1d45ae389c201a", size = 482566, upload-time = "2026-06-15T11:36:48.299Z" }
wheels = [
    { url = "https://files.pythonhosted.org/packages/f4/cb/a9eedf9a35ca6ec72f12af2b4392d7f757bb24863b7b7af4523f939cf3fa/prek-0.4.5-py3-none-linux_armv6l.whl", hash = "sha256:f7517774c72b001573520dc7111156779fd3e5b4452c11f09ff53c71a067e835", size = 5618105, upload-time = "2026-06-15T11:36:21.998Z" },
    { url = "https://files.pythonhosted.org/packages/30/a7/c96c06f17db7da0a57be2be4c229aa00b525bca8001c9c765663b339cbb7/prek-0.4.5-py3-none-macosx_10_12_x86_64.whl", hash = "sha256:aca9fa995536036a0171bcf7a4db96dc0a14f480054eda1d7d1c2e7739650993", size = 5972998, upload-time = "2026-06-15T11:36:41.12Z" },
    { url = "https://files.pythonhosted.org/packages/28/f1/721695355cdaa44be6f091e3a77fb9c72ed60289520f78b2f8c9a7197bdd/prek-0.4.5-py3-none-macosx_11_0_arm64.whl", hash = "sha256:66877ff21ae9d548f0f7e56fab8e65f1500a74a810e7749188c3f35a4a1b911b", size = 5525098, upload-time = "2026-06-15T11:36:30.127Z" },
    { url = "https://files.pythonhosted.org/packages/9b/1b/a334e1bb5361b49adf52b5ac7b6532018940f9f0f253437e8f43c3c1f7f3/prek-0.4.5-py3-none-manylinux_2_17_aarch64.manylinux2014_aarch64.musllinux_1_1_aarch64.whl", hash = "sha256:50697089a86a78d16f087c1912a2f3bc2bea82319a220fac52cc8e3ec9fc0426", size = 5793732, upload-time = "2026-06-15T11:36:35.745Z" },
    { url = "https://files.pythonhosted.org/packages/28/8c/aff94d276e91207a87cedff7cfefdd4aca20444137cca77bf53fffebe77a/prek-0.4.5-py3-none-manylinux_2_17_armv7l.manylinux2014_armv7l.whl", hash = "sha256:590427a42a3c1e5064487a0dc91167ae0c8a52168e77f574758ef9b138fcfd61", size = 5521719, upload-time = "2026-06-15T11:36:39.383Z" },
    { url = "https://files.pythonhosted.org/packages/4f/73/cfb0c5c909442050a8357e26233f7e511ba8e0d2f4b0bdc460065d62beb6/prek-0.4.5-py3-none-manylinux_2_17_i686.manylinux2014_i686.whl", hash = "sha256:1fd98b986767dafdb6b4305b563ee5a3a8f13bd3c78b98d708626815ea9f147f", size = 5922623, upload-time = "2026-06-15T11:36:18.063Z" },
    { url = "https://files.pythonhosted.org/packages/0a/ad/ff9d26551ba80d190bd08c6341176a5d56d4e6de9c2ebf077793d4adbb78/prek-0.4.5-py3-none-manylinux_2_17_s390x.manylinux2014_s390x.whl", hash = "sha256:fccd11613ae92619d1ecda0ab3359ceebeb38898909ec84a8d383733d12158cc", size = 6722071, upload-time = "2026-06-15T11:36:43.086Z" },
    { url = "https://files.pythonhosted.org/packages/d3/43/11d1dfd66c919953fe89ae2fdedd4f413ee923883043816d35982177bb75/prek-0.4.5-py3-none-manylinux_2_17_x86_64.manylinux2014_x86_64.whl", hash = "sha256:14109d37b33e5529db41a3539d4f8f72d295f6eeddede3964994d898b8cec05c", size = 6176454, upload-time = "2026-06-15T11:36:33.803Z" },
    { url = "https://files.pythonhosted.org/packages/d7/d4/9749f25c2e0ee5225f812457b888acef301e0ccce64bebcda2ac1d04abee/prek-0.4.5-py3-none-manylinux_2_28_aarch64.whl", hash = "sha256:40d262418105b2ede9836593a1927fc927cc8093c432e998640964102196996e", size = 5791133, upload-time = "2026-06-15T11:36:23.891Z" },
    { url = "https://files.pythonhosted.org/packages/c7/72/5e0344bab1eacf813a5b1b082cb4c6253930096166dad51c1cccee0a4f83/prek-0.4.5-py3-none-manylinux_2_31_riscv64.whl", hash = "sha256:a586d14c3b852fdee1c3dcd0b9cb0915db9f9d054334b854fd9470bf68edf129", size = 5658098, upload-time = "2026-06-15T11:36:44.862Z" },
    { url = "https://files.pythonhosted.org/packages/be/a5/1f406e0362dd0f18ba09a562d50d7c04a70ac05d350b1ab6fba36ca3e9f0/prek-0.4.5-py3-none-musllinux_1_1_armv7l.whl", hash = "sha256:a8ed0d28f3e7790e4402a9324c386509066df6e67cc587f7406f9a245b97b7e8", size = 5498634, upload-time = "2026-06-15T11:36:31.828Z" },
    { url = "https://files.pythonhosted.org/packages/c7/df/b0cbf0fa527330188390b7b6c8d279cd5e509923262d0a6c5cc44bbdf103/prek-0.4.5-py3-none-musllinux_1_1_i686.whl", hash = "sha256:86f76bd3d2ecf6fd9034d75c62ff4c786eb11d0dd0a1f79bbb4343b023e12769", size = 5784840, upload-time = "2026-06-15T11:36:37.481Z" },
    { url = "https://files.pythonhosted.org/packages/9d/d7/977ee3c622c906677dd94187a00392ce2dd76035486b3a3b1b5a5267dd34/prek-0.4.5-py3-none-musllinux_1_1_x86_64.whl", hash = "sha256:e491a1a4641d91d8b03dcce5588397e76d2a5b432c9b0a6c70475972b4512ab4", size = 6300384, upload-time = "2026-06-15T11:36:27.602Z" },
    { url = "https://files.pythonhosted.org/packages/79/fa/43b1d761381dc1c7eeb8f2235c66e902970d4b2bff2dec0f02836c085769/prek-0.4.5-py3-none-win32.whl", hash = "sha256:7546989b2403c96137bd79d19ebfe21facb87266cefe819db2458c3b9b23f350", size = 5287935, upload-time = "2026-06-15T11:36:20.293Z" },
    { url = "https://files.pythonhosted.org/packages/f5/fe/59b5eb3124f5a4cc255a93857b9ab42402635b273f157e91de23bfa40e8f/prek-0.4.5-py3-none-win_amd64.whl", hash = "sha256:8b2ac9227504371d97338215b344184cb0b31ca94113515a3a90c509c6c5a707", size = 5682560, upload-time = "2026-06-15T11:36:25.865Z" },
    { url = "https://files.pythonhosted.org/packages/97/0e/589ff0eab9034909b1ec8654ee03483797305fb743b3554ce6140d82da9d/prek-0.4.5-py3-none-win_arm64.whl", hash = "sha256:646a86a1a082dbd99fed96314b1064f5644bb34c1f4037a63547a18e2160fb86", size = 5509019, upload-time = "2026-06-15T11:36:46.595Z" },
]

[[package]]
name = "ruff"
version = "0.15.20"
source = { editable = "." }

[package.dev-dependencies]
dev = [
    { name = "prek", marker = "python_full_version >= '3.12'" },
]

[package.metadata]

[package.metadata.requires-dev]
dev = [{ name = "prek", marker = "python_full_version >= '3.12'", specifier = "==0.4.5" }]
