version = 1
requires-python = ">=3.7"

[[package]]
name = "asttokens"
version = "2.4.1"
source = { registry = "https://pypi.org/simple" }
dependencies = [
    { name = "six" },
]
sdist = { url = "https://files.pythonhosted.org/packages/45/1d/f03bcb60c4a3212e15f99a56085d93093a497718adf828d050b9d675da81/asttokens-2.4.1.tar.gz", hash = "sha256:b03869718ba9a6eb027e134bfdf69f38a236d681c83c160d510768af11254ba0", size = 62284 }
wheels = [
    { url = "https://files.pythonhosted.org/packages/45/86/4736ac618d82a20d87d2f92ae19441ebc7ac9e7a581d7e58bbe79233b24a/asttokens-2.4.1-py2.py3-none-any.whl", hash = "sha256:051ed49c3dcae8913ea7cd08e46a606dba30b79993209636c4875bc1d637bc24", size = 27764 },
]

[[package]]
name = "astunparse"
version = "1.6.3"
source = { registry = "https://pypi.org/simple" }
dependencies = [
    { name = "six" },
    { name = "wheel" },
]
sdist = { url = "https://files.pythonhosted.org/packages/f3/af/4182184d3c338792894f34a62672919db7ca008c89abee9b564dd34d8029/astunparse-1.6.3.tar.gz", hash = "sha256:5ad93a8456f0d084c3456d059fd9a92cce667963232cbf763eac3bc5b7940872", size = 18290 }
wheels = [
    { url = "https://files.pythonhosted.org/packages/2b/03/13dde6512ad7b4557eb792fbcf0c653af6076b81e5941d36ec61f7ce6028/astunparse-1.6.3-py2.py3-none-any.whl", hash = "sha256:c2652417f2c8b5bb325c885ae329bdf3f86424075c4fd1a128674bc6fba4b8e8", size = 12732 },
]

[[package]]
name = "click"
version = "8.1.7"
source = { registry = "https://pypi.org/simple" }
dependencies = [
    { name = "colorama", marker = "platform_system == 'Windows'" },
    { name = "importlib-metadata", marker = "python_full_version < '3.8'" },
]
sdist = { url = "https://files.pythonhosted.org/packages/96/d3/f04c7bfcf5c1862a2a5b845c6b2b360488cf47af55dfa79c98f6a6bf98b5/click-8.1.7.tar.gz", hash = "sha256:ca9853ad459e787e2192211578cc907e7594e294c7ccc834310722b41b9ca6de", size = 336121 }
wheels = [
    { url = "https://files.pythonhosted.org/packages/00/2e/d53fa4befbf2cfa713304affc7ca780ce4fc1fd8710527771b58311a3229/click-8.1.7-py3-none-any.whl", hash = "sha256:ae74fb96c20a0277a1d615f1e4d73c8414f5a98db8b799a7931d1582f3390c28", size = 97941 },
]

[[package]]
name = "colorama"
version = "0.4.6"
source = { registry = "https://pypi.org/simple" }
sdist = { url = "https://files.pythonhosted.org/packages/d8/53/6f443c9a4a8358a93a6792e2acffb9d9d5cb0a5cfd8802644b7b1c9a02e4/colorama-0.4.6.tar.gz", hash = "sha256:08695f5cb7ed6e0531a20572697297273c47b8cae5a63ffc6d6ed5c201be6e44", size = 27697 }
wheels = [
    { url = "https://files.pythonhosted.org/packages/d1/d6/3965ed04c63042e047cb6a3e6ed1a63a35087b6a609aa3a15ed8ac56c221/colorama-0.4.6-py2.py3-none-any.whl", hash = "sha256:4f1d9991f5acc0ca119f9d443620b77f9d6b33703e51011c16baf57afb285fc6", size = 25335 },
]

[[package]]
name = "importlib-metadata"
version = "6.7.0"
source = { registry = "https://pypi.org/simple" }
dependencies = [
    { name = "typing-extensions", marker = "python_full_version < '3.8'" },
    { name = "zipp" },
]
sdist = { url = "https://files.pythonhosted.org/packages/a3/82/f6e29c8d5c098b6be61460371c2c5591f4a335923639edec43b3830650a4/importlib_metadata-6.7.0.tar.gz", hash = "sha256:1aaf550d4f73e5d6783e7acb77aec43d49da8017410afae93822cc9cca98c4d4", size = 53569 }
wheels = [
    { url = "https://files.pythonhosted.org/packages/ff/94/64287b38c7de4c90683630338cf28f129decbba0a44f0c6db35a873c73c4/importlib_metadata-6.7.0-py3-none-any.whl", hash = "sha256:cb52082e659e97afc5dac71e79de97d8681de3aa07ff18578330904a9d18e5b5", size = 22934 },
]

[[package]]
name = "markdown-it-py"
version = "2.2.0"
source = { registry = "https://pypi.org/simple" }
dependencies = [
    { name = "mdurl" },
    { name = "typing-extensions", marker = "python_full_version < '3.8'" },
]
sdist = { url = "https://files.pythonhosted.org/packages/e4/c0/59bd6d0571986f72899288a95d9d6178d0eebd70b6650f1bb3f0da90f8f7/markdown-it-py-2.2.0.tar.gz", hash = "sha256:7c9a5e412688bc771c67432cbfebcdd686c93ce6484913dccf06cb5a0bea35a1", size = 67120 }
wheels = [
    { url = "https://files.pythonhosted.org/packages/bf/25/2d88e8feee8e055d015343f9b86e370a1ccbec546f2865c98397aaef24af/markdown_it_py-2.2.0-py3-none-any.whl", hash = "sha256:5a35f8d1870171d9acc47b99612dc146129b631baf04970128b568f190d0cc30", size = 84466 },
]

[[package]]
name = "mdurl"
version = "0.1.2"
source = { registry = "https://pypi.org/simple" }
sdist = { url = "https://files.pythonhosted.org/packages/d6/54/cfe61301667036ec958cb99bd3efefba235e65cdeb9c84d24a8293ba1d90/mdurl-0.1.2.tar.gz", hash = "sha256:bb413d29f5eea38f31dd4754dd7377d4465116fb207585f97bf925588687c1ba", size = 8729 }
wheels = [
    { url = "https://files.pythonhosted.org/packages/b3/38/89ba8ad64ae25be8de66a6d463314cf1eb366222074cfda9ee839c56a4b4/mdurl-0.1.2-py3-none-any.whl", hash = "sha256:84008a41e51615a49fc9966191ff91509e3c40b939176e643fd50a5c2196b8f8", size = 9979 },
]

[[package]]
name = "pygments"
version = "2.17.2"
source = { registry = "https://pypi.org/simple" }
sdist = { url = "https://files.pythonhosted.org/packages/55/59/8bccf4157baf25e4aa5a0bb7fa3ba8600907de105ebc22b0c78cfbf6f565/pygments-2.17.2.tar.gz", hash = "sha256:da46cec9fd2de5be3a8a784f434e4c4ab670b4ff54d605c4c2717e9d49c4c367", size = 4827772 }
wheels = [
    { url = "https://files.pythonhosted.org/packages/97/9c/372fef8377a6e340b1704768d20daaded98bf13282b5327beb2e2fe2c7ef/pygments-2.17.2-py3-none-any.whl", hash = "sha256:b27c2826c47d0f3219f29554824c30c5e8945175d888647acd804ddd04af846c", size = 1179756 },
]

[[package]]
name = "pysource-codegen"
version = "0.4.3"
source = { registry = "https://pypi.org/simple" }
dependencies = [
    { name = "astunparse", marker = "python_full_version < '3.9'" },
    { name = "typed-ast" },
    { name = "typing-extensions" },
]
sdist = { url = "https://files.pythonhosted.org/packages/55/29/f80cc35bcae152616217a891db4a12f54b6208125fd36c563586b826ea95/pysource_codegen-0.4.3.tar.gz", hash = "sha256:76ee4c9e0ec6421d8112ae314a621a7b5ddafa4e030bc0900fedbe043b89971a", size = 13356 }
wheels = [
    { url = "https://files.pythonhosted.org/packages/3e/87/6e7d5dd259e5d777b031790ed5c87dac2bf08266f6299a2fc016b75933b2/pysource_codegen-0.4.3-py3-none-any.whl", hash = "sha256:549c530fb1efdf9669eb155eb6ba8560b3cfe31e2f2cb70c118ab07fccf1a3b4", size = 15863 },
]

[[package]]
name = "pysource-minimize"
version = "0.6.3"
source = { registry = "https://pypi.org/simple" }
dependencies = [
    { name = "asttokens" },
    { name = "astunparse" },
    { name = "click" },
    { name = "rich" },
]
sdist = { url = "https://files.pythonhosted.org/packages/e0/30/1369f9b3bce4841f80fbf67830a1c00b17da3b222fc8f3590c768245b541/pysource_minimize-0.6.3.tar.gz", hash = "sha256:142ce17507a8f24e9047a90f651926133d50293c36a3a89601df1a64c6520459", size = 11141 }
wheels = [
    { url = "https://files.pythonhosted.org/packages/e5/30/0a32b96f44c4b2b586e882fcaa5f85edfe005d2006404a507fb56ee453df/pysource_minimize-0.6.3-py3-none-any.whl", hash = "sha256:bfe9ac0fe83770eece23c98107498f93794ad47ea133a9001c3b3b8b3b338140", size = 12678 },
]

[[package]]
name = "rich"
version = "13.7.1"
source = { registry = "https://pypi.org/simple" }
dependencies = [
    { name = "markdown-it-py" },
    { name = "pygments" },
    { name = "typing-extensions", marker = "python_full_version < '3.9'" },
]
sdist = { url = "https://files.pythonhosted.org/packages/b3/01/c954e134dc440ab5f96952fe52b4fdc64225530320a910473c1fe270d9aa/rich-13.7.1.tar.gz", hash = "sha256:9be308cb1fe2f1f57d67ce99e95af38a1e2bc71ad9813b0e247cf7ffbcc3a432", size = 221248 }
wheels = [
    { url = "https://files.pythonhosted.org/packages/87/67/a37f6214d0e9fe57f6ae54b2956d550ca8365857f42a1ce0392bb21d9410/rich-13.7.1-py3-none-any.whl", hash = "sha256:4edbae314f59eb482f54e9e30bf00d33350aaa94f4bfcd4e9e3110e64d0d7222", size = 240681 },
]

[[package]]
name = "rich-argparse"
version = "1.4.0"
source = { registry = "https://pypi.org/simple" }
dependencies = [
    { name = "rich" },
]
sdist = { url = "https://files.pythonhosted.org/packages/7b/04/4b0b9b06662a4559041a88c2d31e93ecbc8aca1c45fee10a0c1a000b7274/rich_argparse-1.4.0.tar.gz", hash = "sha256:c275f34ea3afe36aec6342c2a2298893104b5650528941fb53c21067276dba19", size = 17112 }
wheels = [
    { url = "https://files.pythonhosted.org/packages/c2/f6/19c1208dd565f13ff6062db31006b6ddf4c68c1946d5ee7bc0fec0592f1d/rich_argparse-1.4.0-py3-none-any.whl", hash = "sha256:68b263d3628d07b1d27cfe6ad896da2f5a5583ee2ba226aeeb24459840023b38", size = 19948 },
]

[[package]]
name = "ruff"
version = "0.6.2"
source = { virtual = "." }

[package.dev-dependencies]
dev = [
    { name = "pysource-codegen" },
    { name = "pysource-minimize" },
    { name = "rich-argparse" },
    { name = "stdlibs" },
    { name = "termcolor" },
]

[package.metadata]

[package.metadata.requires-dev]
dev = [
    { name = "pysource-codegen" },
    { name = "pysource-minimize" },
    { name = "rich-argparse" },
    { name = "ruff" },
    { name = "stdlibs" },
    { name = "termcolor" },
]

[[package]]
name = "six"
version = "1.16.0"
source = { registry = "https://pypi.org/simple" }
sdist = { url = "https://files.pythonhosted.org/packages/71/39/171f1c67cd00715f190ba0b100d606d440a28c93c7714febeca8b79af85e/six-1.16.0.tar.gz", hash = "sha256:1e61c37477a1626458e36f7b1d82aa5c9b094fa4802892072e49de9c60c4c926", size = 34041 }
wheels = [
    { url = "https://files.pythonhosted.org/packages/d9/5a/e7c31adbe875f2abbb91bd84cf2dc52d792b5a01506781dbcf25c91daf11/six-1.16.0-py2.py3-none-any.whl", hash = "sha256:8abb2f1d86890a2dfb989f9a77cfcfd3e47c2a354b01111771326f8aa26e0254", size = 11053 },
]

[[package]]
name = "stdlibs"
version = "2022.10.9"
source = { registry = "https://pypi.org/simple" }
sdist = { url = "https://files.pythonhosted.org/packages/4f/3a/7816d42cf13b992be430a1d83fd66672c5344067c5b2115014df46816767/stdlibs-2022.10.9.tar.gz", hash = "sha256:72a3e4a7fbb40b0e766197e3381c2aabb4ca0442633e0bd99ffeec3908c9fdd8", size = 22819 }
wheels = [
    { url = "https://files.pythonhosted.org/packages/de/81/c40b7fb9fd0855f3f4331acbb475dfa53a40fed5d5495afb24fab23ebc52/stdlibs-2022.10.9-py3-none-any.whl", hash = "sha256:0deede419c34f9d57cddaff35939af6e186be6b3293c1f022eb0647709fb5b78", size = 49323 },
]

[[package]]
name = "termcolor"
version = "2.3.0"
source = { registry = "https://pypi.org/simple" }
sdist = { url = "https://files.pythonhosted.org/packages/b8/85/147a0529b4e80b6b9d021ca8db3a820fcac53ec7374b87073d004aaf444c/termcolor-2.3.0.tar.gz", hash = "sha256:b5b08f68937f138fe92f6c089b99f1e2da0ae56c52b78bf7075fd95420fd9a5a", size = 12163 }
wheels = [
    { url = "https://files.pythonhosted.org/packages/67/e1/434566ffce04448192369c1a282931cf4ae593e91907558eaecd2e9f2801/termcolor-2.3.0-py3-none-any.whl", hash = "sha256:3afb05607b89aed0ffe25202399ee0867ad4d3cb4180d98aaf8eefa6a5f7d475", size = 6872 },
]

[[package]]
name = "typed-ast"
version = "1.5.5"
source = { registry = "https://pypi.org/simple" }
sdist = { url = "https://files.pythonhosted.org/packages/f9/7e/a424029f350aa8078b75fd0d360a787a273ca753a678d1104c5fa4f3072a/typed_ast-1.5.5.tar.gz", hash = "sha256:94282f7a354f36ef5dbce0ef3467ebf6a258e370ab33d5b40c249fa996e590dd", size = 252841 }
wheels = [
    { url = "https://files.pythonhosted.org/packages/88/07/5defe18d4fc16281cd18c4374270abc430c3d852d8ac29b5db6599d45cfe/typed_ast-1.5.5-cp310-cp310-macosx_10_9_x86_64.whl", hash = "sha256:4bc1efe0ce3ffb74784e06460f01a223ac1f6ab31c6bc0376a21184bf5aabe3b", size = 223267 },
    { url = "https://files.pythonhosted.org/packages/a0/5c/e379b00028680bfcd267d845cf46b60e76d8ac6f7009fd440d6ce030cc92/typed_ast-1.5.5-cp310-cp310-macosx_11_0_arm64.whl", hash = "sha256:5f7a8c46a8b333f71abd61d7ab9255440d4a588f34a21f126bbfc95f6049e686", size = 208260 },
    { url = "https://files.pythonhosted.org/packages/3b/99/5cc31ef4f3c80e1ceb03ed2690c7085571e3fbf119cbd67a111ec0b6622f/typed_ast-1.5.5-cp310-cp310-manylinux_2_17_aarch64.manylinux2014_aarch64.whl", hash = "sha256:597fc66b4162f959ee6a96b978c0435bd63791e31e4f410622d19f1686d5e769", size = 842272 },
    { url = "https://files.pythonhosted.org/packages/e2/ed/b9b8b794b37b55c9247b1e8d38b0361e8158795c181636d34d6c11b506e7/typed_ast-1.5.5-cp310-cp310-manylinux_2_17_x86_64.manylinux2014_x86_64.whl", hash = "sha256:d41b7a686ce653e06c2609075d397ebd5b969d821b9797d029fccd71fdec8e04", size = 824651 },
    { url = "https://files.pythonhosted.org/packages/ca/59/dbbbe5a0e91c15d14a0896b539a5ed01326b0d468e75c1a33274d128d2d1/typed_ast-1.5.5-cp310-cp310-musllinux_1_1_aarch64.whl", hash = "sha256:5fe83a9a44c4ce67c796a1b466c270c1272e176603d5e06f6afbc101a572859d", size = 854960 },
    { url = "https://files.pythonhosted.org/packages/90/f0/0956d925f87bd81f6e0f8cf119eac5e5c8f4da50ca25bb9f5904148d4611/typed_ast-1.5.5-cp310-cp310-musllinux_1_1_x86_64.whl", hash = "sha256:d5c0c112a74c0e5db2c75882a0adf3133adedcdbfd8cf7c9d6ed77365ab90a1d", size = 839321 },
    { url = "https://files.pythonhosted.org/packages/43/17/4bdece9795da6f3345c4da5667ac64bc25863617f19c28d81f350f515be6/typed_ast-1.5.5-cp310-cp310-win_amd64.whl", hash = "sha256:e1a976ed4cc2d71bb073e1b2a250892a6e968ff02aa14c1f40eba4f365ffec02", size = 139380 },
    { url = "https://files.pythonhosted.org/packages/75/53/b685e10da535c7b3572735f8bea0d4abb35a04722a7d44ca9c163a0cf822/typed_ast-1.5.5-cp311-cp311-macosx_10_9_x86_64.whl", hash = "sha256:c631da9710271cb67b08bd3f3813b7af7f4c69c319b75475436fcab8c3d21bee", size = 223264 },
    { url = "https://files.pythonhosted.org/packages/96/fd/fc8ccf19fc16a40a23e7c7802d0abc78c1f38f1abb6e2447c474f8a076d8/typed_ast-1.5.5-cp311-cp311-macosx_11_0_arm64.whl", hash = "sha256:b445c2abfecab89a932b20bd8261488d574591173d07827c1eda32c457358b18", size = 208158 },
    { url = "https://files.pythonhosted.org/packages/bf/9a/598e47f2c3ecd19d7f1bb66854d0d3ba23ffd93c846448790a92524b0a8d/typed_ast-1.5.5-cp311-cp311-manylinux_2_17_aarch64.manylinux2014_aarch64.whl", hash = "sha256:cc95ffaaab2be3b25eb938779e43f513e0e538a84dd14a5d844b8f2932593d88", size = 878366 },
    { url = "https://files.pythonhosted.org/packages/60/ca/765e8bf8b24d0ed7b9fc669f6826c5bc3eb7412fc765691f59b83ae195b2/typed_ast-1.5.5-cp311-cp311-manylinux_2_17_x86_64.manylinux2014_x86_64.whl", hash = "sha256:61443214d9b4c660dcf4b5307f15c12cb30bdfe9588ce6158f4a005baeb167b2", size = 860314 },
    { url = "https://files.pythonhosted.org/packages/d9/3c/4af750e6c673a0dd6c7b9f5b5e5ed58ec51a2e4e744081781c664d369dfa/typed_ast-1.5.5-cp311-cp311-musllinux_1_1_aarch64.whl", hash = "sha256:6eb936d107e4d474940469e8ec5b380c9b329b5f08b78282d46baeebd3692dc9", size = 898108 },
    { url = "https://files.pythonhosted.org/packages/03/8d/d0a4d1e060e1e8dda2408131a0cc7633fc4bc99fca5941dcb86c461dfe01/typed_ast-1.5.5-cp311-cp311-musllinux_1_1_x86_64.whl", hash = "sha256:e48bf27022897577d8479eaed64701ecaf0467182448bd95759883300ca818c8", size = 881971 },
    { url = "https://files.pythonhosted.org/packages/90/83/f28d2c912cd010a09b3677ac69d23181045eb17e358914ab739b7fdee530/typed_ast-1.5.5-cp311-cp311-win_amd64.whl", hash = "sha256:83509f9324011c9a39faaef0922c6f720f9623afe3fe220b6d0b15638247206b", size = 139286 },
    { url = "https://files.pythonhosted.org/packages/d5/00/635353c31b71ed307ab020eff6baed9987da59a1b2ba489f885ecbe293b8/typed_ast-1.5.5-cp37-cp37m-macosx_10_9_x86_64.whl", hash = "sha256:2188bc33d85951ea4ddad55d2b35598b2709d122c11c75cffd529fbc9965508e", size = 222315 },
    { url = "https://files.pythonhosted.org/packages/01/95/11be104446bb20212a741d30d40eab52a9cfc05ea34efa074ff4f7c16983/typed_ast-1.5.5-cp37-cp37m-manylinux_2_17_aarch64.manylinux2014_aarch64.whl", hash = "sha256:0635900d16ae133cab3b26c607586131269f88266954eb04ec31535c9a12ef1e", size = 793541 },
    { url = "https://files.pythonhosted.org/packages/32/f1/75bd58fb1410cb72fbc6e8adf163015720db2c38844b46a9149c5ff6bf38/typed_ast-1.5.5-cp37-cp37m-manylinux_2_17_x86_64.manylinux2014_x86_64.whl", hash = "sha256:57bfc3cf35a0f2fdf0a88a3044aafaec1d2f24d8ae8cd87c4f58d615fb5b6311", size = 778348 },
    { url = "https://files.pythonhosted.org/packages/47/97/0bb4dba688a58ff9c08e63b39653e4bcaa340ce1bb9c1d58163e5c2c66f1/typed_ast-1.5.5-cp37-cp37m-musllinux_1_1_aarch64.whl", hash = "sha256:fe58ef6a764de7b4b36edfc8592641f56e69b7163bba9f9c8089838ee596bfb2", size = 809447 },
    { url = "https://files.pythonhosted.org/packages/a8/cd/9a867f5a96d83a9742c43914e10d3a2083d8fe894ab9bf60fd467c6c497f/typed_ast-1.5.5-cp37-cp37m-musllinux_1_1_x86_64.whl", hash = "sha256:d09d930c2d1d621f717bb217bf1fe2584616febb5138d9b3e8cdd26506c3f6d4", size = 796707 },
    { url = "https://files.pythonhosted.org/packages/eb/06/73ca55ee5303b41d08920de775f02d2a3e1e59430371f5adf7fbb1a21127/typed_ast-1.5.5-cp37-cp37m-win_amd64.whl", hash = "sha256:d40c10326893ecab8a80a53039164a224984339b2c32a6baf55ecbd5b1df6431", size = 138403 },
    { url = "https://files.pythonhosted.org/packages/19/e3/88b65e46643006592f39e0fdef3e29454244a9fdaa52acfb047dc68cae6a/typed_ast-1.5.5-cp38-cp38-macosx_10_9_x86_64.whl", hash = "sha256:fd946abf3c31fb50eee07451a6aedbfff912fcd13cf357363f5b4e834cc5e71a", size = 222951 },
    { url = "https://files.pythonhosted.org/packages/15/e0/182bdd9edb6c6a1c068cecaa87f58924a817f2807a0b0d940f578b3328df/typed_ast-1.5.5-cp38-cp38-macosx_11_0_arm64.whl", hash = "sha256:ed4a1a42df8a3dfb6b40c3d2de109e935949f2f66b19703eafade03173f8f437", size = 208247 },
    { url = "https://files.pythonhosted.org/packages/8d/09/bba083f2c11746288eaf1859e512130420405033de84189375fe65d839ba/typed_ast-1.5.5-cp38-cp38-manylinux_2_17_aarch64.manylinux2014_aarch64.whl", hash = "sha256:045f9930a1550d9352464e5149710d56a2aed23a2ffe78946478f7b5416f1ede", size = 861010 },
    { url = "https://files.pythonhosted.org/packages/31/f3/38839df509b04fb54205e388fc04b47627377e0ad628870112086864a441/typed_ast-1.5.5-cp38-cp38-manylinux_2_17_x86_64.manylinux2014_x86_64.whl", hash = "sha256:381eed9c95484ceef5ced626355fdc0765ab51d8553fec08661dce654a935db4", size = 840026 },
    { url = "https://files.pythonhosted.org/packages/45/1e/aa5f1dae4b92bc665ae9a655787bb2fe007a881fa2866b0408ce548bb24c/typed_ast-1.5.5-cp38-cp38-musllinux_1_1_aarch64.whl", hash = "sha256:bfd39a41c0ef6f31684daff53befddae608f9daf6957140228a08e51f312d7e6", size = 875615 },
    { url = "https://files.pythonhosted.org/packages/94/88/71a1c249c01fbbd66f9f28648f8249e737a7fe19056c1a78e7b3b9250eb1/typed_ast-1.5.5-cp38-cp38-musllinux_1_1_x86_64.whl", hash = "sha256:8c524eb3024edcc04e288db9541fe1f438f82d281e591c548903d5b77ad1ddd4", size = 858320 },
    { url = "https://files.pythonhosted.org/packages/12/1e/19f53aad3984e351e6730e4265fde4b949a66c451e10828fdbc4dfb050f1/typed_ast-1.5.5-cp38-cp38-win_amd64.whl", hash = "sha256:7f58fabdde8dcbe764cef5e1a7fcb440f2463c1bbbec1cf2a86ca7bc1f95184b", size = 139414 },
    { url = "https://files.pythonhosted.org/packages/b1/88/6e7f36f5fab6fbf0586a2dd866ac337924b7d4796a4d1b2b04443a864faf/typed_ast-1.5.5-cp39-cp39-macosx_10_9_x86_64.whl", hash = "sha256:042eb665ff6bf020dd2243307d11ed626306b82812aba21836096d229fdc6a10", size = 223329 },
    { url = "https://files.pythonhosted.org/packages/71/30/09d27e13824495547bcc665bd07afc593b22b9484f143b27565eae4ccaac/typed_ast-1.5.5-cp39-cp39-macosx_11_0_arm64.whl", hash = "sha256:622e4a006472b05cf6ef7f9f2636edc51bda670b7bbffa18d26b255269d3d814", size = 208314 },
    { url = "https://files.pythonhosted.org/packages/07/3d/564308b7a432acb1f5399933cbb1b376a1a64d2544b90f6ba91894674260/typed_ast-1.5.5-cp39-cp39-manylinux_2_17_aarch64.manylinux2014_aarch64.whl", hash = "sha256:1efebbbf4604ad1283e963e8915daa240cb4bf5067053cf2f0baadc4d4fb51b8", size = 840900 },
    { url = "https://files.pythonhosted.org/packages/ea/f4/262512d14f777ea3666a089e2675a9b1500a85b8329a36de85d63433fb0e/typed_ast-1.5.5-cp39-cp39-manylinux_2_17_x86_64.manylinux2014_x86_64.whl", hash = "sha256:f0aefdd66f1784c58f65b502b6cf8b121544680456d1cebbd300c2c813899274", size = 823435 },
    { url = "https://files.pythonhosted.org/packages/a1/25/b3ccb948166d309ab75296ac9863ebe2ff209fbc063f1122a2d3979e47c3/typed_ast-1.5.5-cp39-cp39-musllinux_1_1_aarch64.whl", hash = "sha256:48074261a842acf825af1968cd912f6f21357316080ebaca5f19abbb11690c8a", size = 853125 },
    { url = "https://files.pythonhosted.org/packages/1c/09/012da182242f168bb5c42284297dcc08dc0a1b3668db5b3852aec467f56f/typed_ast-1.5.5-cp39-cp39-musllinux_1_1_x86_64.whl", hash = "sha256:429ae404f69dc94b9361bb62291885894b7c6fb4640d561179548c849f8492ba", size = 837280 },
    { url = "https://files.pythonhosted.org/packages/30/bd/c815051404c4293265634d9d3e292f04fcf681d0502a9484c38b8f224d04/typed_ast-1.5.5-cp39-cp39-win_amd64.whl", hash = "sha256:335f22ccb244da2b5c296e6f96b06ee9bed46526db0de38d2f0e5a6597b81155", size = 139486 },
]

[[package]]
name = "typing-extensions"
version = "4.7.1"
source = { registry = "https://pypi.org/simple" }
sdist = { url = "https://files.pythonhosted.org/packages/3c/8b/0111dd7d6c1478bf83baa1cab85c686426c7a6274119aceb2bd9d35395ad/typing_extensions-4.7.1.tar.gz", hash = "sha256:b75ddc264f0ba5615db7ba217daeb99701ad295353c45f9e95963337ceeeffb2", size = 72876 }
wheels = [
    { url = "https://files.pythonhosted.org/packages/ec/6b/63cc3df74987c36fe26157ee12e09e8f9db4de771e0f3404263117e75b95/typing_extensions-4.7.1-py3-none-any.whl", hash = "sha256:440d5dd3af93b060174bf433bccd69b0babc3b15b1a8dca43789fd7f61514b36", size = 33232 },
]

[[package]]
name = "wheel"
version = "0.42.0"
source = { registry = "https://pypi.org/simple" }
sdist = { url = "https://files.pythonhosted.org/packages/b0/b4/bc2baae3970c282fae6c2cb8e0f179923dceb7eaffb0e76170628f9af97b/wheel-0.42.0.tar.gz", hash = "sha256:c45be39f7882c9d34243236f2d63cbd58039e360f85d0913425fbd7ceea617a8", size = 98667 }
wheels = [
    { url = "https://files.pythonhosted.org/packages/c7/c3/55076fc728723ef927521abaa1955213d094933dc36d4a2008d5101e1af5/wheel-0.42.0-py3-none-any.whl", hash = "sha256:177f9c9b0d45c47873b619f5b650346d632cdc35fb5e4d25058e09c9e581433d", size = 65375 },
]

[[package]]
name = "zipp"
version = "3.15.0"
source = { registry = "https://pypi.org/simple" }
sdist = { url = "https://files.pythonhosted.org/packages/00/27/f0ac6b846684cecce1ee93d32450c45ab607f65c2e0255f0092032d91f07/zipp-3.15.0.tar.gz", hash = "sha256:112929ad649da941c23de50f356a2b5570c954b65150642bccdd66bf194d224b", size = 18454 }
wheels = [
    { url = "https://files.pythonhosted.org/packages/5b/fa/c9e82bbe1af6266adf08afb563905eb87cab83fde00a0a08963510621047/zipp-3.15.0-py3-none-any.whl", hash = "sha256:48904fc76a60e542af151aded95726c1a5c34ed43ab4134b597665c86d7ad556", size = 6758 },
]
