version = 1
revision = 3
requires-python = ">=3.11"

[manifest]
requirements = [
    { name = "rich" },
    { name = "watchfiles", specifier = ">=1.1.0" },
]

[[package]]
name = "anyio"
version = "4.8.0"
source = { registry = "https://pypi.org/simple" }
dependencies = [
    { name = "idna" },
    { name = "sniffio" },
    { name = "typing-extensions", marker = "python_full_version < '3.13'" },
]
sdist = { url = "https://files.pythonhosted.org/packages/a3/73/199a98fc2dae33535d6b8e8e6ec01f8c1d76c9adb096c6b7d64823038cde/anyio-4.8.0.tar.gz", hash = "sha256:1d9fe889df5212298c0c0723fa20479d1b94883a2df44bd3897aa91083316f7a", size = 181126, upload-time = "2025-01-05T13:13:11.095Z" }
wheels = [
    { url = "https://files.pythonhosted.org/packages/46/eb/e7f063ad1fec6b3178a3cd82d1a3c4de82cccf283fc42746168188e1cdd5/anyio-4.8.0-py3-none-any.whl", hash = "sha256:b5011f270ab5eb0abf13385f851315585cc37ef330dd88e27ec3d34d651fd47a", size = 96041, upload-time = "2025-01-05T13:13:07.985Z" },
]

[[package]]
name = "idna"
version = "3.10"
source = { registry = "https://pypi.org/simple" }
sdist = { url = "https://files.pythonhosted.org/packages/f1/70/7703c29685631f5a7590aa73f1f1d3fa9a380e654b86af429e0934a32f7d/idna-3.10.tar.gz", hash = "sha256:12f65c9b470abda6dc35cf8e63cc574b1c52b11df2c86030af0ac09b01b13ea9", size = 190490, upload-time = "2024-09-15T18:07:39.745Z" }
wheels = [
    { url = "https://files.pythonhosted.org/packages/76/c6/c88e154df9c4e1a2a66ccf0005a88dfb2650c1dffb6f5ce603dfbd452ce3/idna-3.10-py3-none-any.whl", hash = "sha256:946d195a0d259cbba61165e88e65941f16e9b36ea6ddb97f00452bae8b1287d3", size = 70442, upload-time = "2024-09-15T18:07:37.964Z" },
]

[[package]]
name = "markdown-it-py"
version = "3.0.0"
source = { registry = "https://pypi.org/simple" }
dependencies = [
    { name = "mdurl" },
]
sdist = { url = "https://files.pythonhosted.org/packages/38/71/3b932df36c1a044d397a1f92d1cf91ee0a503d91e470cbd670aa66b07ed0/markdown-it-py-3.0.0.tar.gz", hash = "sha256:e3f60a94fa066dc52ec76661e37c851cb232d92f9886b15cb560aaada2df8feb", size = 74596, upload-time = "2023-06-03T06:41:14.443Z" }
wheels = [
    { url = "https://files.pythonhosted.org/packages/42/d7/1ec15b46af6af88f19b8e5ffea08fa375d433c998b8a7639e76935c14f1f/markdown_it_py-3.0.0-py3-none-any.whl", hash = "sha256:355216845c60bd96232cd8d8c40e8f9765cc86f46880e43a8fd22dc1a1a8cab1", size = 87528, upload-time = "2023-06-03T06:41:11.019Z" },
]

[[package]]
name = "mdurl"
version = "0.1.2"
source = { registry = "https://pypi.org/simple" }
sdist = { url = "https://files.pythonhosted.org/packages/d6/54/cfe61301667036ec958cb99bd3efefba235e65cdeb9c84d24a8293ba1d90/mdurl-0.1.2.tar.gz", hash = "sha256:bb413d29f5eea38f31dd4754dd7377d4465116fb207585f97bf925588687c1ba", size = 8729, upload-time = "2022-08-14T12:40:10.846Z" }
wheels = [
    { url = "https://files.pythonhosted.org/packages/b3/38/89ba8ad64ae25be8de66a6d463314cf1eb366222074cfda9ee839c56a4b4/mdurl-0.1.2-py3-none-any.whl", hash = "sha256:84008a41e51615a49fc9966191ff91509e3c40b939176e643fd50a5c2196b8f8", size = 9979, upload-time = "2022-08-14T12:40:09.779Z" },
]

[[package]]
name = "pygments"
version = "2.19.1"
source = { registry = "https://pypi.org/simple" }
sdist = { url = "https://files.pythonhosted.org/packages/7c/2d/c3338d48ea6cc0feb8446d8e6937e1408088a72a39937982cc6111d17f84/pygments-2.19.1.tar.gz", hash = "sha256:61c16d2a8576dc0649d9f39e089b5f02bcd27fba10d8fb4dcc28173f7a45151f", size = 4968581, upload-time = "2025-01-06T17:26:30.443Z" }
wheels = [
    { url = "https://files.pythonhosted.org/packages/8a/0b/9fcc47d19c48b59121088dd6da2488a49d5f72dacf8262e2790a1d2c7d15/pygments-2.19.1-py3-none-any.whl", hash = "sha256:9ea1544ad55cecf4b8242fab6dd35a93bbce657034b0611ee383099054ab6d8c", size = 1225293, upload-time = "2025-01-06T17:26:25.553Z" },
]

[[package]]
name = "rich"
version = "13.9.4"
source = { registry = "https://pypi.org/simple" }
dependencies = [
    { name = "markdown-it-py" },
    { name = "pygments" },
]
sdist = { url = "https://files.pythonhosted.org/packages/ab/3a/0316b28d0761c6734d6bc14e770d85506c986c85ffb239e688eeaab2c2bc/rich-13.9.4.tar.gz", hash = "sha256:439594978a49a09530cff7ebc4b5c7103ef57baf48d5ea3184f21d9a2befa098", size = 223149, upload-time = "2024-11-01T16:43:57.873Z" }
wheels = [
    { url = "https://files.pythonhosted.org/packages/19/71/39c7c0d87f8d4e6c020a393182060eaefeeae6c01dab6a84ec346f2567df/rich-13.9.4-py3-none-any.whl", hash = "sha256:6049d5e6ec054bf2779ab3358186963bac2ea89175919d699e378b99738c2a90", size = 242424, upload-time = "2024-11-01T16:43:55.817Z" },
]

[[package]]
name = "sniffio"
version = "1.3.1"
source = { registry = "https://pypi.org/simple" }
sdist = { url = "https://files.pythonhosted.org/packages/a2/87/a6771e1546d97e7e041b6ae58d80074f81b7d5121207425c964ddf5cfdbd/sniffio-1.3.1.tar.gz", hash = "sha256:f4324edc670a0f49750a81b895f35c3adb843cca46f0530f79fc1babb23789dc", size = 20372, upload-time = "2024-02-25T23:20:04.057Z" }
wheels = [
    { url = "https://files.pythonhosted.org/packages/e9/44/75a9c9421471a6c4805dbf2356f7c181a29c1879239abab1ea2cc8f38b40/sniffio-1.3.1-py3-none-any.whl", hash = "sha256:2f6da418d1f1e0fddd844478f41680e794e6051915791a034ff65e5f100525a2", size = 10235, upload-time = "2024-02-25T23:20:01.196Z" },
]

[[package]]
name = "typing-extensions"
version = "4.12.2"
source = { registry = "https://pypi.org/simple" }
sdist = { url = "https://files.pythonhosted.org/packages/df/db/f35a00659bc03fec321ba8bce9420de607a1d37f8342eee1863174c69557/typing_extensions-4.12.2.tar.gz", hash = "sha256:1a7ead55c7e559dd4dee8856e3a88b41225abfe1ce8df57b7c13915fe121ffb8", size = 85321, upload-time = "2024-06-07T18:52:15.995Z" }
wheels = [
    { url = "https://files.pythonhosted.org/packages/26/9f/ad63fc0248c5379346306f8668cda6e2e2e9c95e01216d2b8ffd9ff037d0/typing_extensions-4.12.2-py3-none-any.whl", hash = "sha256:04e5ca0351e0f3f85c6853954072df659d0d13fac324d0072316b67d7794700d", size = 37438, upload-time = "2024-06-07T18:52:13.582Z" },
]

[[package]]
name = "watchfiles"
version = "1.1.1"
source = { registry = "https://pypi.org/simple" }
dependencies = [
    { name = "anyio" },
]
sdist = { url = "https://files.pythonhosted.org/packages/c2/c9/8869df9b2a2d6c59d79220a4db37679e74f807c559ffe5265e08b227a210/watchfiles-1.1.1.tar.gz", hash = "sha256:a173cb5c16c4f40ab19cecf48a534c409f7ea983ab8fed0741304a1c0a31b3f2", size = 94440, upload-time = "2025-10-14T15:06:21.08Z" }
wheels = [
    { url = "https://files.pythonhosted.org/packages/1f/f8/2c5f479fb531ce2f0564eda479faecf253d886b1ab3630a39b7bf7362d46/watchfiles-1.1.1-cp311-cp311-macosx_10_12_x86_64.whl", hash = "sha256:f57b396167a2565a4e8b5e56a5a1c537571733992b226f4f1197d79e94cf0ae5", size = 406529, upload-time = "2025-10-14T15:04:32.899Z" },
    { url = "https://files.pythonhosted.org/packages/fe/cd/f515660b1f32f65df671ddf6f85bfaca621aee177712874dc30a97397977/watchfiles-1.1.1-cp311-cp311-macosx_11_0_arm64.whl", hash = "sha256:421e29339983e1bebc281fab40d812742268ad057db4aee8c4d2bce0af43b741", size = 394384, upload-time = "2025-10-14T15:04:33.761Z" },
    { url = "https://files.pythonhosted.org/packages/7b/c3/28b7dc99733eab43fca2d10f55c86e03bd6ab11ca31b802abac26b23d161/watchfiles-1.1.1-cp311-cp311-manylinux_2_17_aarch64.manylinux2014_aarch64.whl", hash = "sha256:6e43d39a741e972bab5d8100b5cdacf69db64e34eb19b6e9af162bccf63c5cc6", size = 448789, upload-time = "2025-10-14T15:04:34.679Z" },
    { url = "https://files.pythonhosted.org/packages/4a/24/33e71113b320030011c8e4316ccca04194bf0cbbaeee207f00cbc7d6b9f5/watchfiles-1.1.1-cp311-cp311-manylinux_2_17_armv7l.manylinux2014_armv7l.whl", hash = "sha256:f537afb3276d12814082a2e9b242bdcf416c2e8fd9f799a737990a1dbe906e5b", size = 460521, upload-time = "2025-10-14T15:04:35.963Z" },
    { url = "https://files.pythonhosted.org/packages/f4/c3/3c9a55f255aa57b91579ae9e98c88704955fa9dac3e5614fb378291155df/watchfiles-1.1.1-cp311-cp311-manylinux_2_17_i686.manylinux2014_i686.whl", hash = "sha256:b2cd9e04277e756a2e2d2543d65d1e2166d6fd4c9b183f8808634fda23f17b14", size = 488722, upload-time = "2025-10-14T15:04:37.091Z" },
    { url = "https://files.pythonhosted.org/packages/49/36/506447b73eb46c120169dc1717fe2eff07c234bb3232a7200b5f5bd816e9/watchfiles-1.1.1-cp311-cp311-manylinux_2_17_ppc64le.manylinux2014_ppc64le.whl", hash = "sha256:5f3f58818dc0b07f7d9aa7fe9eb1037aecb9700e63e1f6acfed13e9fef648f5d", size = 596088, upload-time = "2025-10-14T15:04:38.39Z" },
    { url = "https://files.pythonhosted.org/packages/82/ab/5f39e752a9838ec4d52e9b87c1e80f1ee3ccdbe92e183c15b6577ab9de16/watchfiles-1.1.1-cp311-cp311-manylinux_2_17_s390x.manylinux2014_s390x.whl", hash = "sha256:9bb9f66367023ae783551042d31b1d7fd422e8289eedd91f26754a66f44d5cff", size = 472923, upload-time = "2025-10-14T15:04:39.666Z" },
    { url = "https://files.pythonhosted.org/packages/af/b9/a419292f05e302dea372fa7e6fda5178a92998411f8581b9830d28fb9edb/watchfiles-1.1.1-cp311-cp311-manylinux_2_17_x86_64.manylinux2014_x86_64.whl", hash = "sha256:aebfd0861a83e6c3d1110b78ad54704486555246e542be3e2bb94195eabb2606", size = 456080, upload-time = "2025-10-14T15:04:40.643Z" },
    { url = "https://files.pythonhosted.org/packages/b0/c3/d5932fd62bde1a30c36e10c409dc5d54506726f08cb3e1d8d0ba5e2bc8db/watchfiles-1.1.1-cp311-cp311-musllinux_1_1_aarch64.whl", hash = "sha256:5fac835b4ab3c6487b5dbad78c4b3724e26bcc468e886f8ba8cc4306f68f6701", size = 629432, upload-time = "2025-10-14T15:04:41.789Z" },
    { url = "https://files.pythonhosted.org/packages/f7/77/16bddd9779fafb795f1a94319dc965209c5641db5bf1edbbccace6d1b3c0/watchfiles-1.1.1-cp311-cp311-musllinux_1_1_x86_64.whl", hash = "sha256:399600947b170270e80134ac854e21b3ccdefa11a9529a3decc1327088180f10", size = 623046, upload-time = "2025-10-14T15:04:42.718Z" },
    { url = "https://files.pythonhosted.org/packages/46/ef/f2ecb9a0f342b4bfad13a2787155c6ee7ce792140eac63a34676a2feeef2/watchfiles-1.1.1-cp311-cp311-win32.whl", hash = "sha256:de6da501c883f58ad50db3a32ad397b09ad29865b5f26f64c24d3e3281685849", size = 271473, upload-time = "2025-10-14T15:04:43.624Z" },
    { url = "https://files.pythonhosted.org/packages/94/bc/f42d71125f19731ea435c3948cad148d31a64fccde3867e5ba4edee901f9/watchfiles-1.1.1-cp311-cp311-win_amd64.whl", hash = "sha256:35c53bd62a0b885bf653ebf6b700d1bf05debb78ad9292cf2a942b23513dc4c4", size = 287598, upload-time = "2025-10-14T15:04:44.516Z" },
    { url = "https://files.pythonhosted.org/packages/57/c9/a30f897351f95bbbfb6abcadafbaca711ce1162f4db95fc908c98a9165f3/watchfiles-1.1.1-cp311-cp311-win_arm64.whl", hash = "sha256:57ca5281a8b5e27593cb7d82c2ac927ad88a96ed406aa446f6344e4328208e9e", size = 277210, upload-time = "2025-10-14T15:04:45.883Z" },
    { url = "https://files.pythonhosted.org/packages/74/d5/f039e7e3c639d9b1d09b07ea412a6806d38123f0508e5f9b48a87b0a76cc/watchfiles-1.1.1-cp312-cp312-macosx_10_12_x86_64.whl", hash = "sha256:8c89f9f2f740a6b7dcc753140dd5e1ab9215966f7a3530d0c0705c83b401bd7d", size = 404745, upload-time = "2025-10-14T15:04:46.731Z" },
    { url = "https://files.pythonhosted.org/packages/a5/96/a881a13aa1349827490dab2d363c8039527060cfcc2c92cc6d13d1b1049e/watchfiles-1.1.1-cp312-cp312-macosx_11_0_arm64.whl", hash = "sha256:bd404be08018c37350f0d6e34676bd1e2889990117a2b90070b3007f172d0610", size = 391769, upload-time = "2025-10-14T15:04:48.003Z" },
    { url = "https://files.pythonhosted.org/packages/4b/5b/d3b460364aeb8da471c1989238ea0e56bec24b6042a68046adf3d9ddb01c/watchfiles-1.1.1-cp312-cp312-manylinux_2_17_aarch64.manylinux2014_aarch64.whl", hash = "sha256:8526e8f916bb5b9a0a777c8317c23ce65de259422bba5b31325a6fa6029d33af", size = 449374, upload-time = "2025-10-14T15:04:49.179Z" },
    { url = "https://files.pythonhosted.org/packages/b9/44/5769cb62d4ed055cb17417c0a109a92f007114a4e07f30812a73a4efdb11/watchfiles-1.1.1-cp312-cp312-manylinux_2_17_armv7l.manylinux2014_armv7l.whl", hash = "sha256:2edc3553362b1c38d9f06242416a5d8e9fe235c204a4072e988ce2e5bb1f69f6", size = 459485, upload-time = "2025-10-14T15:04:50.155Z" },
    { url = "https://files.pythonhosted.org/packages/19/0c/286b6301ded2eccd4ffd0041a1b726afda999926cf720aab63adb68a1e36/watchfiles-1.1.1-cp312-cp312-manylinux_2_17_i686.manylinux2014_i686.whl", hash = "sha256:30f7da3fb3f2844259cba4720c3fc7138eb0f7b659c38f3bfa65084c7fc7abce", size = 488813, upload-time = "2025-10-14T15:04:51.059Z" },
    { url = "https://files.pythonhosted.org/packages/c7/2b/8530ed41112dd4a22f4dcfdb5ccf6a1baad1ff6eed8dc5a5f09e7e8c41c7/watchfiles-1.1.1-cp312-cp312-manylinux_2_17_ppc64le.manylinux2014_ppc64le.whl", hash = "sha256:f8979280bdafff686ba5e4d8f97840f929a87ed9cdf133cbbd42f7766774d2aa", size = 594816, upload-time = "2025-10-14T15:04:52.031Z" },
    { url = "https://files.pythonhosted.org/packages/ce/d2/f5f9fb49489f184f18470d4f99f4e862a4b3e9ac2865688eb2099e3d837a/watchfiles-1.1.1-cp312-cp312-manylinux_2_17_s390x.manylinux2014_s390x.whl", hash = "sha256:dcc5c24523771db3a294c77d94771abcfcb82a0e0ee8efd910c37c59ec1b31bb", size = 475186, upload-time = "2025-10-14T15:04:53.064Z" },
    { url = "https://files.pythonhosted.org/packages/cf/68/5707da262a119fb06fbe214d82dd1fe4a6f4af32d2d14de368d0349eb52a/watchfiles-1.1.1-cp312-cp312-manylinux_2_17_x86_64.manylinux2014_x86_64.whl", hash = "sha256:1db5d7ae38ff20153d542460752ff397fcf5c96090c1230803713cf3147a6803", size = 456812, upload-time = "2025-10-14T15:04:55.174Z" },
    { url = "https://files.pythonhosted.org/packages/66/ab/3cbb8756323e8f9b6f9acb9ef4ec26d42b2109bce830cc1f3468df20511d/watchfiles-1.1.1-cp312-cp312-musllinux_1_1_aarch64.whl", hash = "sha256:28475ddbde92df1874b6c5c8aaeb24ad5be47a11f87cde5a28ef3835932e3e94", size = 630196, upload-time = "2025-10-14T15:04:56.22Z" },
    { url = "https://files.pythonhosted.org/packages/78/46/7152ec29b8335f80167928944a94955015a345440f524d2dfe63fc2f437b/watchfiles-1.1.1-cp312-cp312-musllinux_1_1_x86_64.whl", hash = "sha256:36193ed342f5b9842edd3532729a2ad55c4160ffcfa3700e0d54be496b70dd43", size = 622657, upload-time = "2025-10-14T15:04:57.521Z" },
    { url = "https://files.pythonhosted.org/packages/0a/bf/95895e78dd75efe9a7f31733607f384b42eb5feb54bd2eb6ed57cc2e94f4/watchfiles-1.1.1-cp312-cp312-win32.whl", hash = "sha256:859e43a1951717cc8de7f4c77674a6d389b106361585951d9e69572823f311d9", size = 272042, upload-time = "2025-10-14T15:04:59.046Z" },
    { url = "https://files.pythonhosted.org/packages/87/0a/90eb755f568de2688cb220171c4191df932232c20946966c27a59c400850/watchfiles-1.1.1-cp312-cp312-win_amd64.whl", hash = "sha256:91d4c9a823a8c987cce8fa2690923b069966dabb196dd8d137ea2cede885fde9", size = 288410, upload-time = "2025-10-14T15:05:00.081Z" },
    { url = "https://files.pythonhosted.org/packages/36/76/f322701530586922fbd6723c4f91ace21364924822a8772c549483abed13/watchfiles-1.1.1-cp312-cp312-win_arm64.whl", hash = "sha256:a625815d4a2bdca61953dbba5a39d60164451ef34c88d751f6c368c3ea73d404", size = 278209, upload-time = "2025-10-14T15:05:01.168Z" },
    { url = "https://files.pythonhosted.org/packages/bb/f4/f750b29225fe77139f7ae5de89d4949f5a99f934c65a1f1c0b248f26f747/watchfiles-1.1.1-cp313-cp313-macosx_10_12_x86_64.whl", hash = "sha256:130e4876309e8686a5e37dba7d5e9bc77e6ed908266996ca26572437a5271e18", size = 404321, upload-time = "2025-10-14T15:05:02.063Z" },
    { url = "https://files.pythonhosted.org/packages/2b/f9/f07a295cde762644aa4c4bb0f88921d2d141af45e735b965fb2e87858328/watchfiles-1.1.1-cp313-cp313-macosx_11_0_arm64.whl", hash = "sha256:5f3bde70f157f84ece3765b42b4a52c6ac1a50334903c6eaf765362f6ccca88a", size = 391783, upload-time = "2025-10-14T15:05:03.052Z" },
    { url = "https://files.pythonhosted.org/packages/bc/11/fc2502457e0bea39a5c958d86d2cb69e407a4d00b85735ca724bfa6e0d1a/watchfiles-1.1.1-cp313-cp313-manylinux_2_17_aarch64.manylinux2014_aarch64.whl", hash = "sha256:14e0b1fe858430fc0251737ef3824c54027bedb8c37c38114488b8e131cf8219", size = 449279, upload-time = "2025-10-14T15:05:04.004Z" },
    { url = "https://files.pythonhosted.org/packages/e3/1f/d66bc15ea0b728df3ed96a539c777acfcad0eb78555ad9efcaa1274688f0/watchfiles-1.1.1-cp313-cp313-manylinux_2_17_armv7l.manylinux2014_armv7l.whl", hash = "sha256:f27db948078f3823a6bb3b465180db8ebecf26dd5dae6f6180bd87383b6b4428", size = 459405, upload-time = "2025-10-14T15:05:04.942Z" },
    { url = "https://files.pythonhosted.org/packages/be/90/9f4a65c0aec3ccf032703e6db02d89a157462fbb2cf20dd415128251cac0/watchfiles-1.1.1-cp313-cp313-manylinux_2_17_i686.manylinux2014_i686.whl", hash = "sha256:059098c3a429f62fc98e8ec62b982230ef2c8df68c79e826e37b895bc359a9c0", size = 488976, upload-time = "2025-10-14T15:05:05.905Z" },
    { url = "https://files.pythonhosted.org/packages/37/57/ee347af605d867f712be7029bb94c8c071732a4b44792e3176fa3c612d39/watchfiles-1.1.1-cp313-cp313-manylinux_2_17_ppc64le.manylinux2014_ppc64le.whl", hash = "sha256:bfb5862016acc9b869bb57284e6cb35fdf8e22fe59f7548858e2f971d045f150", size = 595506, upload-time = "2025-10-14T15:05:06.906Z" },
    { url = "https://files.pythonhosted.org/packages/a8/78/cc5ab0b86c122047f75e8fc471c67a04dee395daf847d3e59381996c8707/watchfiles-1.1.1-cp313-cp313-manylinux_2_17_s390x.manylinux2014_s390x.whl", hash = "sha256:319b27255aacd9923b8a276bb14d21a5f7ff82564c744235fc5eae58d95422ae", size = 474936, upload-time = "2025-10-14T15:05:07.906Z" },
    { url = "https://files.pythonhosted.org/packages/62/da/def65b170a3815af7bd40a3e7010bf6ab53089ef1b75d05dd5385b87cf08/watchfiles-1.1.1-cp313-cp313-manylinux_2_17_x86_64.manylinux2014_x86_64.whl", hash = "sha256:c755367e51db90e75b19454b680903631d41f9e3607fbd941d296a020c2d752d", size = 456147, upload-time = "2025-10-14T15:05:09.138Z" },
    { url = "https://files.pythonhosted.org/packages/57/99/da6573ba71166e82d288d4df0839128004c67d2778d3b566c138695f5c0b/watchfiles-1.1.1-cp313-cp313-musllinux_1_1_aarch64.whl", hash = "sha256:c22c776292a23bfc7237a98f791b9ad3144b02116ff10d820829ce62dff46d0b", size = 630007, upload-time = "2025-10-14T15:05:10.117Z" },
    { url = "https://files.pythonhosted.org/packages/a8/51/7439c4dd39511368849eb1e53279cd3454b4a4dbace80bab88feeb83c6b5/watchfiles-1.1.1-cp313-cp313-musllinux_1_1_x86_64.whl", hash = "sha256:3a476189be23c3686bc2f4321dd501cb329c0a0469e77b7b534ee10129ae6374", size = 622280, upload-time = "2025-10-14T15:05:11.146Z" },
    { url = "https://files.pythonhosted.org/packages/95/9c/8ed97d4bba5db6fdcdb2b298d3898f2dd5c20f6b73aee04eabe56c59677e/watchfiles-1.1.1-cp313-cp313-win32.whl", hash = "sha256:bf0a91bfb5574a2f7fc223cf95eeea79abfefa404bf1ea5e339c0c1560ae99a0", size = 272056, upload-time = "2025-10-14T15:05:12.156Z" },
    { url = "https://files.pythonhosted.org/packages/1f/f3/c14e28429f744a260d8ceae18bf58c1d5fa56b50d006a7a9f80e1882cb0d/watchfiles-1.1.1-cp313-cp313-win_amd64.whl", hash = "sha256:52e06553899e11e8074503c8e716d574adeeb7e68913115c4b3653c53f9bae42", size = 288162, upload-time = "2025-10-14T15:05:13.208Z" },
    { url = "https://files.pythonhosted.org/packages/dc/61/fe0e56c40d5cd29523e398d31153218718c5786b5e636d9ae8ae79453d27/watchfiles-1.1.1-cp313-cp313-win_arm64.whl", hash = "sha256:ac3cc5759570cd02662b15fbcd9d917f7ecd47efe0d6b40474eafd246f91ea18", size = 277909, upload-time = "2025-10-14T15:05:14.49Z" },
    { url = "https://files.pythonhosted.org/packages/79/42/e0a7d749626f1e28c7108a99fb9bf524b501bbbeb9b261ceecde644d5a07/watchfiles-1.1.1-cp313-cp313t-macosx_10_12_x86_64.whl", hash = "sha256:563b116874a9a7ce6f96f87cd0b94f7faf92d08d0021e837796f0a14318ef8da", size = 403389, upload-time = "2025-10-14T15:05:15.777Z" },
    { url = "https://files.pythonhosted.org/packages/15/49/08732f90ce0fbbc13913f9f215c689cfc9ced345fb1bcd8829a50007cc8d/watchfiles-1.1.1-cp313-cp313t-macosx_11_0_arm64.whl", hash = "sha256:3ad9fe1dae4ab4212d8c91e80b832425e24f421703b5a42ef2e4a1e215aff051", size = 389964, upload-time = "2025-10-14T15:05:16.85Z" },
    { url = "https://files.pythonhosted.org/packages/27/0d/7c315d4bd5f2538910491a0393c56bf70d333d51bc5b34bee8e68e8cea19/watchfiles-1.1.1-cp313-cp313t-manylinux_2_17_aarch64.manylinux2014_aarch64.whl", hash = "sha256:ce70f96a46b894b36eba678f153f052967a0d06d5b5a19b336ab0dbbd029f73e", size = 448114, upload-time = "2025-10-14T15:05:17.876Z" },
    { url = "https://files.pythonhosted.org/packages/c3/24/9e096de47a4d11bc4df41e9d1e61776393eac4cb6eb11b3e23315b78b2cc/watchfiles-1.1.1-cp313-cp313t-manylinux_2_17_armv7l.manylinux2014_armv7l.whl", hash = "sha256:cb467c999c2eff23a6417e58d75e5828716f42ed8289fe6b77a7e5a91036ca70", size = 460264, upload-time = "2025-10-14T15:05:18.962Z" },
    { url = "https://files.pythonhosted.org/packages/cc/0f/e8dea6375f1d3ba5fcb0b3583e2b493e77379834c74fd5a22d66d85d6540/watchfiles-1.1.1-cp313-cp313t-manylinux_2_17_i686.manylinux2014_i686.whl", hash = "sha256:836398932192dae4146c8f6f737d74baeac8b70ce14831a239bdb1ca882fc261", size = 487877, upload-time = "2025-10-14T15:05:20.094Z" },
    { url = "https://files.pythonhosted.org/packages/ac/5b/df24cfc6424a12deb41503b64d42fbea6b8cb357ec62ca84a5a3476f654a/watchfiles-1.1.1-cp313-cp313t-manylinux_2_17_ppc64le.manylinux2014_ppc64le.whl", hash = "sha256:743185e7372b7bc7c389e1badcc606931a827112fbbd37f14c537320fca08620", size = 595176, upload-time = "2025-10-14T15:05:21.134Z" },
    { url = "https://files.pythonhosted.org/packages/8f/b5/853b6757f7347de4e9b37e8cc3289283fb983cba1ab4d2d7144694871d9c/watchfiles-1.1.1-cp313-cp313t-manylinux_2_17_s390x.manylinux2014_s390x.whl", hash = "sha256:afaeff7696e0ad9f02cbb8f56365ff4686ab205fcf9c4c5b6fdfaaa16549dd04", size = 473577, upload-time = "2025-10-14T15:05:22.306Z" },
    { url = "https://files.pythonhosted.org/packages/e1/f7/0a4467be0a56e80447c8529c9fce5b38eab4f513cb3d9bf82e7392a5696b/watchfiles-1.1.1-cp313-cp313t-manylinux_2_17_x86_64.manylinux2014_x86_64.whl", hash = "sha256:3f7eb7da0eb23aa2ba036d4f616d46906013a68caf61b7fdbe42fc8b25132e77", size = 455425, upload-time = "2025-10-14T15:05:23.348Z" },
    { url = "https://files.pythonhosted.org/packages/8e/e0/82583485ea00137ddf69bc84a2db88bd92ab4a6e3c405e5fb878ead8d0e7/watchfiles-1.1.1-cp313-cp313t-musllinux_1_1_aarch64.whl", hash = "sha256:831a62658609f0e5c64178211c942ace999517f5770fe9436be4c2faeba0c0ef", size = 628826, upload-time = "2025-10-14T15:05:24.398Z" },
    { url = "https://files.pythonhosted.org/packages/28/9a/a785356fccf9fae84c0cc90570f11702ae9571036fb25932f1242c82191c/watchfiles-1.1.1-cp313-cp313t-musllinux_1_1_x86_64.whl", hash = "sha256:f9a2ae5c91cecc9edd47e041a930490c31c3afb1f5e6d71de3dc671bfaca02bf", size = 622208, upload-time = "2025-10-14T15:05:25.45Z" },
    { url = "https://files.pythonhosted.org/packages/c3/f4/0872229324ef69b2c3edec35e84bd57a1289e7d3fe74588048ed8947a323/watchfiles-1.1.1-cp314-cp314-macosx_10_12_x86_64.whl", hash = "sha256:d1715143123baeeaeadec0528bb7441103979a1d5f6fd0e1f915383fea7ea6d5", size = 404315, upload-time = "2025-10-14T15:05:26.501Z" },
    { url = "https://files.pythonhosted.org/packages/7b/22/16d5331eaed1cb107b873f6ae1b69e9ced582fcf0c59a50cd84f403b1c32/watchfiles-1.1.1-cp314-cp314-macosx_11_0_arm64.whl", hash = "sha256:39574d6370c4579d7f5d0ad940ce5b20db0e4117444e39b6d8f99db5676c52fd", size = 390869, upload-time = "2025-10-14T15:05:27.649Z" },
    { url = "https://files.pythonhosted.org/packages/b2/7e/5643bfff5acb6539b18483128fdc0ef2cccc94a5b8fbda130c823e8ed636/watchfiles-1.1.1-cp314-cp314-manylinux_2_17_aarch64.manylinux2014_aarch64.whl", hash = "sha256:7365b92c2e69ee952902e8f70f3ba6360d0d596d9299d55d7d386df84b6941fb", size = 449919, upload-time = "2025-10-14T15:05:28.701Z" },
    { url = "https://files.pythonhosted.org/packages/51/2e/c410993ba5025a9f9357c376f48976ef0e1b1aefb73b97a5ae01a5972755/watchfiles-1.1.1-cp314-cp314-manylinux_2_17_armv7l.manylinux2014_armv7l.whl", hash = "sha256:bfff9740c69c0e4ed32416f013f3c45e2ae42ccedd1167ef2d805c000b6c71a5", size = 460845, upload-time = "2025-10-14T15:05:30.064Z" },
    { url = "https://files.pythonhosted.org/packages/8e/a4/2df3b404469122e8680f0fcd06079317e48db58a2da2950fb45020947734/watchfiles-1.1.1-cp314-cp314-manylinux_2_17_i686.manylinux2014_i686.whl", hash = "sha256:b27cf2eb1dda37b2089e3907d8ea92922b673c0c427886d4edc6b94d8dfe5db3", size = 489027, upload-time = "2025-10-14T15:05:31.064Z" },
    { url = "https://files.pythonhosted.org/packages/ea/84/4587ba5b1f267167ee715b7f66e6382cca6938e0a4b870adad93e44747e6/watchfiles-1.1.1-cp314-cp314-manylinux_2_17_ppc64le.manylinux2014_ppc64le.whl", hash = "sha256:526e86aced14a65a5b0ec50827c745597c782ff46b571dbfe46192ab9e0b3c33", size = 595615, upload-time = "2025-10-14T15:05:32.074Z" },
    { url = "https://files.pythonhosted.org/packages/6a/0f/c6988c91d06e93cd0bb3d4a808bcf32375ca1904609835c3031799e3ecae/watchfiles-1.1.1-cp314-cp314-manylinux_2_17_s390x.manylinux2014_s390x.whl", hash = "sha256:04e78dd0b6352db95507fd8cb46f39d185cf8c74e4cf1e4fbad1d3df96faf510", size = 474836, upload-time = "2025-10-14T15:05:33.209Z" },
    { url = "https://files.pythonhosted.org/packages/b4/36/ded8aebea91919485b7bbabbd14f5f359326cb5ec218cd67074d1e426d74/watchfiles-1.1.1-cp314-cp314-manylinux_2_17_x86_64.manylinux2014_x86_64.whl", hash = "sha256:5c85794a4cfa094714fb9c08d4a218375b2b95b8ed1666e8677c349906246c05", size = 455099, upload-time = "2025-10-14T15:05:34.189Z" },
    { url = "https://files.pythonhosted.org/packages/98/e0/8c9bdba88af756a2fce230dd365fab2baf927ba42cd47521ee7498fd5211/watchfiles-1.1.1-cp314-cp314-musllinux_1_1_aarch64.whl", hash = "sha256:74d5012b7630714b66be7b7b7a78855ef7ad58e8650c73afc4c076a1f480a8d6", size = 630626, upload-time = "2025-10-14T15:05:35.216Z" },
    { url = "https://files.pythonhosted.org/packages/2a/84/a95db05354bf2d19e438520d92a8ca475e578c647f78f53197f5a2f17aaf/watchfiles-1.1.1-cp314-cp314-musllinux_1_1_x86_64.whl", hash = "sha256:8fbe85cb3201c7d380d3d0b90e63d520f15d6afe217165d7f98c9c649654db81", size = 622519, upload-time = "2025-10-14T15:05:36.259Z" },
    { url = "https://files.pythonhosted.org/packages/1d/ce/d8acdc8de545de995c339be67711e474c77d643555a9bb74a9334252bd55/watchfiles-1.1.1-cp314-cp314-win32.whl", hash = "sha256:3fa0b59c92278b5a7800d3ee7733da9d096d4aabcfabb9a928918bd276ef9b9b", size = 272078, upload-time = "2025-10-14T15:05:37.63Z" },
    { url = "https://files.pythonhosted.org/packages/c4/c9/a74487f72d0451524be827e8edec251da0cc1fcf111646a511ae752e1a3d/watchfiles-1.1.1-cp314-cp314-win_amd64.whl", hash = "sha256:c2047d0b6cea13b3316bdbafbfa0c4228ae593d995030fda39089d36e64fc03a", size = 287664, upload-time = "2025-10-14T15:05:38.95Z" },
    { url = "https://files.pythonhosted.org/packages/df/b8/8ac000702cdd496cdce998c6f4ee0ca1f15977bba51bdf07d872ebdfc34c/watchfiles-1.1.1-cp314-cp314-win_arm64.whl", hash = "sha256:842178b126593addc05acf6fce960d28bc5fae7afbaa2c6c1b3a7b9460e5be02", size = 277154, upload-time = "2025-10-14T15:05:39.954Z" },
    { url = "https://files.pythonhosted.org/packages/47/a8/e3af2184707c29f0f14b1963c0aace6529f9d1b8582d5b99f31bbf42f59e/watchfiles-1.1.1-cp314-cp314t-macosx_10_12_x86_64.whl", hash = "sha256:88863fbbc1a7312972f1c511f202eb30866370ebb8493aef2812b9ff28156a21", size = 403820, upload-time = "2025-10-14T15:05:40.932Z" },
    { url = "https://files.pythonhosted.org/packages/c0/ec/e47e307c2f4bd75f9f9e8afbe3876679b18e1bcec449beca132a1c5ffb2d/watchfiles-1.1.1-cp314-cp314t-macosx_11_0_arm64.whl", hash = "sha256:55c7475190662e202c08c6c0f4d9e345a29367438cf8e8037f3155e10a88d5a5", size = 390510, upload-time = "2025-10-14T15:05:41.945Z" },
    { url = "https://files.pythonhosted.org/packages/d5/a0/ad235642118090f66e7b2f18fd5c42082418404a79205cdfca50b6309c13/watchfiles-1.1.1-cp314-cp314t-manylinux_2_17_aarch64.manylinux2014_aarch64.whl", hash = "sha256:3f53fa183d53a1d7a8852277c92b967ae99c2d4dcee2bfacff8868e6e30b15f7", size = 448408, upload-time = "2025-10-14T15:05:43.385Z" },
    { url = "https://files.pythonhosted.org/packages/df/85/97fa10fd5ff3332ae17e7e40e20784e419e28521549780869f1413742e9d/watchfiles-1.1.1-cp314-cp314t-manylinux_2_17_armv7l.manylinux2014_armv7l.whl", hash = "sha256:6aae418a8b323732fa89721d86f39ec8f092fc2af67f4217a2b07fd3e93c6101", size = 458968, upload-time = "2025-10-14T15:05:44.404Z" },
    { url = "https://files.pythonhosted.org/packages/47/c2/9059c2e8966ea5ce678166617a7f75ecba6164375f3b288e50a40dc6d489/watchfiles-1.1.1-cp314-cp314t-manylinux_2_17_i686.manylinux2014_i686.whl", hash = "sha256:f096076119da54a6080e8920cbdaac3dbee667eb91dcc5e5b78840b87415bd44", size = 488096, upload-time = "2025-10-14T15:05:45.398Z" },
    { url = "https://files.pythonhosted.org/packages/94/44/d90a9ec8ac309bc26db808a13e7bfc0e4e78b6fc051078a554e132e80160/watchfiles-1.1.1-cp314-cp314t-manylinux_2_17_ppc64le.manylinux2014_ppc64le.whl", hash = "sha256:00485f441d183717038ed2e887a7c868154f216877653121068107b227a2f64c", size = 596040, upload-time = "2025-10-14T15:05:46.502Z" },
    { url = "https://files.pythonhosted.org/packages/95/68/4e3479b20ca305cfc561db3ed207a8a1c745ee32bf24f2026a129d0ddb6e/watchfiles-1.1.1-cp314-cp314t-manylinux_2_17_s390x.manylinux2014_s390x.whl", hash = "sha256:a55f3e9e493158d7bfdb60a1165035f1cf7d320914e7b7ea83fe22c6023b58fc", size = 473847, upload-time = "2025-10-14T15:05:47.484Z" },
    { url = "https://files.pythonhosted.org/packages/4f/55/2af26693fd15165c4ff7857e38330e1b61ab8c37d15dc79118cdba115b7a/watchfiles-1.1.1-cp314-cp314t-manylinux_2_17_x86_64.manylinux2014_x86_64.whl", hash = "sha256:8c91ed27800188c2ae96d16e3149f199d62f86c7af5f5f4d2c61a3ed8cd3666c", size = 455072, upload-time = "2025-10-14T15:05:48.928Z" },
    { url = "https://files.pythonhosted.org/packages/66/1d/d0d200b10c9311ec25d2273f8aad8c3ef7cc7ea11808022501811208a750/watchfiles-1.1.1-cp314-cp314t-musllinux_1_1_aarch64.whl", hash = "sha256:311ff15a0bae3714ffb603e6ba6dbfba4065ab60865d15a6ec544133bdb21099", size = 629104, upload-time = "2025-10-14T15:05:49.908Z" },
    { url = "https://files.pythonhosted.org/packages/e3/bd/fa9bb053192491b3867ba07d2343d9f2252e00811567d30ae8d0f78136fe/watchfiles-1.1.1-cp314-cp314t-musllinux_1_1_x86_64.whl", hash = "sha256:a916a2932da8f8ab582f242c065f5c81bed3462849ca79ee357dd9551b0e9b01", size = 622112, upload-time = "2025-10-14T15:05:50.941Z" },
    { url = "https://files.pythonhosted.org/packages/d3/8e/e500f8b0b77be4ff753ac94dc06b33d8f0d839377fee1b78e8c8d8f031bf/watchfiles-1.1.1-pp311-pypy311_pp73-macosx_10_12_x86_64.whl", hash = "sha256:db476ab59b6765134de1d4fe96a1a9c96ddf091683599be0f26147ea1b2e4b88", size = 408250, upload-time = "2025-10-14T15:06:10.264Z" },
    { url = "https://files.pythonhosted.org/packages/bd/95/615e72cd27b85b61eec764a5ca51bd94d40b5adea5ff47567d9ebc4d275a/watchfiles-1.1.1-pp311-pypy311_pp73-macosx_11_0_arm64.whl", hash = "sha256:89eef07eee5e9d1fda06e38822ad167a044153457e6fd997f8a858ab7564a336", size = 396117, upload-time = "2025-10-14T15:06:11.28Z" },
    { url = "https://files.pythonhosted.org/packages/c9/81/e7fe958ce8a7fb5c73cc9fb07f5aeaf755e6aa72498c57d760af760c91f8/watchfiles-1.1.1-pp311-pypy311_pp73-manylinux_2_17_aarch64.manylinux2014_aarch64.whl", hash = "sha256:ce19e06cbda693e9e7686358af9cd6f5d61312ab8b00488bc36f5aabbaf77e24", size = 450493, upload-time = "2025-10-14T15:06:12.321Z" },
    { url = "https://files.pythonhosted.org/packages/6e/d4/ed38dd3b1767193de971e694aa544356e63353c33a85d948166b5ff58b9e/watchfiles-1.1.1-pp311-pypy311_pp73-manylinux_2_17_x86_64.manylinux2014_x86_64.whl", hash = "sha256:3e6f39af2eab0118338902798b5aa6664f46ff66bc0280de76fca67a7f262a49", size = 457546, upload-time = "2025-10-14T15:06:13.372Z" },
]
