version = 1
revision = 3
requires-python = ">=3.12"

[[package]]
name = "pyrefly"
version = "0.42.1"
source = { registry = "https://pypi.org/simple" }
sdist = { url = "https://files.pythonhosted.org/packages/cb/a4/6faf9e361689cbdd4752a0561efb9191f176c5af4ae808ec97beef9aaa50/pyrefly-0.42.1.tar.gz", hash = "sha256:18f569fee2f48ea75f35a7b0d6232c2f409ecdc7343cee786e3f7d80028fc113", size = 3851967, upload-time = "2025-11-18T06:03:56.314Z" }
wheels = [
    { url = "https://files.pythonhosted.org/packages/fa/ac/c0ac659456187f948209ff2195d754bb7922b4332c3801e66e38897968f2/pyrefly-0.42.1-py3-none-macosx_10_12_x86_64.whl", hash = "sha256:cfdd79dfa4836a2947c0ddc75f26fc7c0a681ae92d03fb72830767808f404a62", size = 9509024, upload-time = "2025-11-18T06:03:39.109Z" },
    { url = "https://files.pythonhosted.org/packages/62/56/344139a1733628804d82bc328b4ee69b6175e9d0ce7d829ba5ef2fe8403e/pyrefly-0.42.1-py3-none-macosx_11_0_arm64.whl", hash = "sha256:747521ed8a99d814a9754b3f98066c8b03e9edadb51b7184b86bc4614e4b50a1", size = 9024185, upload-time = "2025-11-18T06:03:41.353Z" },
    { url = "https://files.pythonhosted.org/packages/de/cd/f320908a150487472957f3a0c4d977483024cc2aff5ddd62d0c4ec4dfa2f/pyrefly-0.42.1-py3-none-manylinux_2_17_aarch64.manylinux2014_aarch64.whl", hash = "sha256:2084f0fe4cb0a9df3ac1aba6550ddbd980a2b166604ed70d8d34cf1a048067ad", size = 9258639, upload-time = "2025-11-18T06:03:43.411Z" },
    { url = "https://files.pythonhosted.org/packages/3b/62/128ea27ac7ad19b837b34811bcfd9b65806daf152c64f904e3c76ceb2cec/pyrefly-0.42.1-py3-none-manylinux_2_17_i686.manylinux2014_i686.whl", hash = "sha256:30194ef7428b4060be2fb5fa0a41227b8d4db73bf009aa97ffc930ced3bb234f", size = 10174041, upload-time = "2025-11-18T06:03:45.739Z" },
    { url = "https://files.pythonhosted.org/packages/2b/89/6dabc2a96a97e2d7533517033aab2d0ba98bdaac59c35d7fe22d85f8c78b/pyrefly-0.42.1-py3-none-manylinux_2_17_x86_64.manylinux2014_x86_64.whl", hash = "sha256:bf4a4472a42c7f9eaada8a16d61983114299847d35dece68de698dbb90770710", size = 9797317, upload-time = "2025-11-18T06:03:47.863Z" },
    { url = "https://files.pythonhosted.org/packages/ca/a6/071e08ab9b287b3d41fdc7f564ce63bb2eab9a415746d0a48b2794b20871/pyrefly-0.42.1-py3-none-win32.whl", hash = "sha256:84bb9a8ea5b79da065c855673d98fe28b45ebe4b1ed933f1e7da0ba335a40c86", size = 9325929, upload-time = "2025-11-18T06:03:49.925Z" },
    { url = "https://files.pythonhosted.org/packages/5d/69/1b8a133006eb83a75891865a706e981040318b0d7198e14838040b46cd04/pyrefly-0.42.1-py3-none-win_amd64.whl", hash = "sha256:825f5240d1b20490ac87bb880211b30fa532f634bd65c76e5bab656ad47eb80b", size = 9793448, upload-time = "2025-11-18T06:03:52.372Z" },
    { url = "https://files.pythonhosted.org/packages/85/a1/e9c7fe11ebea2b18bcbcb26c4be8c87d25ddc1e3ff1cf942aabce1e0f637/pyrefly-0.42.1-py3-none-win_arm64.whl", hash = "sha256:b0ff3be4beaab9131b6f08b1156fc62d37e977802b5c6c626ad1a1141c2b2e65", size = 9345936, upload-time = "2025-11-18T06:03:54.233Z" },
]

[[package]]
name = "ty-benchmark"
version = "0.0.1"
source = { editable = "." }
dependencies = [
    { name = "pyrefly" },
]

[package.metadata]
requires-dist = [{ name = "pyrefly", specifier = ">=0.41.3" }]
