version = 1
revision = 3
requires-python = ">=3.12"

[[package]]
name = "nodeenv"
version = "1.9.1"
source = { registry = "https://pypi.org/simple" }
sdist = { url = "https://files.pythonhosted.org/packages/43/16/fc88b08840de0e0a72a2f9d8c6bae36be573e475a6326ae854bcc549fc45/nodeenv-1.9.1.tar.gz", hash = "sha256:6ec12890a2dab7946721edbfbcd91f3319c6ccc9aec47be7c7e6b7011ee6645f", size = 47437, upload-time = "2024-06-04T18:44:11.171Z" }
wheels = [
    { url = "https://files.pythonhosted.org/packages/d2/1d/1b658dbd2b9fa9c4c9f32accbfc0205d532c8c6194dc0f2a4c0428e7128a/nodeenv-1.9.1-py2.py3-none-any.whl", hash = "sha256:ba11c9782d29c27c70ffbdda2d7415098754709be8a7056d79a737cd901155c9", size = 22314, upload-time = "2024-06-04T18:44:08.352Z" },
]

[[package]]
name = "pyrefly"
version = "0.42.1"
source = { registry = "https://pypi.org/simple" }
sdist = { url = "https://files.pythonhosted.org/packages/cb/a4/6faf9e361689cbdd4752a0561efb9191f176c5af4ae808ec97beef9aaa50/pyrefly-0.42.1.tar.gz", hash = "sha256:18f569fee2f48ea75f35a7b0d6232c2f409ecdc7343cee786e3f7d80028fc113", size = 3851967, upload-time = "2025-11-18T06:03:56.314Z" }
wheels = [
    { url = "https://files.pythonhosted.org/packages/fa/ac/c0ac659456187f948209ff2195d754bb7922b4332c3801e66e38897968f2/pyrefly-0.42.1-py3-none-macosx_10_12_x86_64.whl", hash = "sha256:cfdd79dfa4836a2947c0ddc75f26fc7c0a681ae92d03fb72830767808f404a62", size = 9509024, upload-time = "2025-11-18T06:03:39.109Z" },
    { url = "https://files.pythonhosted.org/packages/62/56/344139a1733628804d82bc328b4ee69b6175e9d0ce7d829ba5ef2fe8403e/pyrefly-0.42.1-py3-none-macosx_11_0_arm64.whl", hash = "sha256:747521ed8a99d814a9754b3f98066c8b03e9edadb51b7184b86bc4614e4b50a1", size = 9024185, upload-time = "2025-11-18T06:03:41.353Z" },
    { url = "https://files.pythonhosted.org/packages/de/cd/f320908a150487472957f3a0c4d977483024cc2aff5ddd62d0c4ec4dfa2f/pyrefly-0.42.1-py3-none-manylinux_2_17_aarch64.manylinux2014_aarch64.whl", hash = "sha256:2084f0fe4cb0a9df3ac1aba6550ddbd980a2b166604ed70d8d34cf1a048067ad", size = 9258639, upload-time = "2025-11-18T06:03:43.411Z" },
    { url = "https://files.pythonhosted.org/packages/3b/62/128ea27ac7ad19b837b34811bcfd9b65806daf152c64f904e3c76ceb2cec/pyrefly-0.42.1-py3-none-manylinux_2_17_i686.manylinux2014_i686.whl", hash = "sha256:30194ef7428b4060be2fb5fa0a41227b8d4db73bf009aa97ffc930ced3bb234f", size = 10174041, upload-time = "2025-11-18T06:03:45.739Z" },
    { url = "https://files.pythonhosted.org/packages/2b/89/6dabc2a96a97e2d7533517033aab2d0ba98bdaac59c35d7fe22d85f8c78b/pyrefly-0.42.1-py3-none-manylinux_2_17_x86_64.manylinux2014_x86_64.whl", hash = "sha256:bf4a4472a42c7f9eaada8a16d61983114299847d35dece68de698dbb90770710", size = 9797317, upload-time = "2025-11-18T06:03:47.863Z" },
    { url = "https://files.pythonhosted.org/packages/ca/a6/071e08ab9b287b3d41fdc7f564ce63bb2eab9a415746d0a48b2794b20871/pyrefly-0.42.1-py3-none-win32.whl", hash = "sha256:84bb9a8ea5b79da065c855673d98fe28b45ebe4b1ed933f1e7da0ba335a40c86", size = 9325929, upload-time = "2025-11-18T06:03:49.925Z" },
    { url = "https://files.pythonhosted.org/packages/5d/69/1b8a133006eb83a75891865a706e981040318b0d7198e14838040b46cd04/pyrefly-0.42.1-py3-none-win_amd64.whl", hash = "sha256:825f5240d1b20490ac87bb880211b30fa532f634bd65c76e5bab656ad47eb80b", size = 9793448, upload-time = "2025-11-18T06:03:52.372Z" },
    { url = "https://files.pythonhosted.org/packages/85/a1/e9c7fe11ebea2b18bcbcb26c4be8c87d25ddc1e3ff1cf942aabce1e0f637/pyrefly-0.42.1-py3-none-win_arm64.whl", hash = "sha256:b0ff3be4beaab9131b6f08b1156fc62d37e977802b5c6c626ad1a1141c2b2e65", size = 9345936, upload-time = "2025-11-18T06:03:54.233Z" },
]

[[package]]
name = "pyright"
version = "1.1.407"
source = { registry = "https://pypi.org/simple" }
dependencies = [
    { name = "nodeenv" },
    { name = "typing-extensions" },
]
sdist = { url = "https://files.pythonhosted.org/packages/a6/1b/0aa08ee42948b61745ac5b5b5ccaec4669e8884b53d31c8ec20b2fcd6b6f/pyright-1.1.407.tar.gz", hash = "sha256:099674dba5c10489832d4a4b2d302636152a9a42d317986c38474c76fe562262", size = 4122872, upload-time = "2025-10-24T23:17:15.145Z" }
wheels = [
    { url = "https://files.pythonhosted.org/packages/dc/93/b69052907d032b00c40cb656d21438ec00b3a471733de137a3f65a49a0a0/pyright-1.1.407-py3-none-any.whl", hash = "sha256:6dd419f54fcc13f03b52285796d65e639786373f433e243f8b94cf93a7444d21", size = 5997008, upload-time = "2025-10-24T23:17:13.159Z" },
]

[[package]]
name = "ty-benchmark"
version = "0.0.1"
source = { editable = "." }
dependencies = [
    { name = "pyrefly" },
    { name = "pyright" },
]

[package.metadata]
requires-dist = [
    { name = "pyrefly", specifier = ">=0.41.3" },
    { name = "pyright" },
]

[[package]]
name = "typing-extensions"
version = "4.15.0"
source = { registry = "https://pypi.org/simple" }
sdist = { url = "https://files.pythonhosted.org/packages/72/94/1a15dd82efb362ac84269196e94cf00f187f7ed21c242792a923cdb1c61f/typing_extensions-4.15.0.tar.gz", hash = "sha256:0cea48d173cc12fa28ecabc3b837ea3cf6f38c6d1136f85cbaaf598984861466", size = 109391, upload-time = "2025-08-25T13:49:26.313Z" }
wheels = [
    { url = "https://files.pythonhosted.org/packages/18/67/36e9267722cc04a6b9f15c7f3441c2363321a3ea07da7ae0c0707beb2a9c/typing_extensions-4.15.0-py3-none-any.whl", hash = "sha256:f0fa19c6845758ab08074a0cfa8b7aecb71c999ca73d62883bc25cc018c4e548", size = 44614, upload-time = "2025-08-25T13:49:24.86Z" },
]
