version = 1
requires-python = ">=3.11"

[[package]]
name = "ruff-ecosystem"
version = "0.0.0"
source = { editable = "." }
dependencies = [
    { name = "tomli" },
    { name = "tomli-w" },
    { name = "unidiff" },
]

[package.metadata]
requires-dist = [
    { name = "tomli", specifier = "==2.0.1" },
    { name = "tomli-w", specifier = "==1.0.0" },
    { name = "unidiff", specifier = "==0.7.5" },
]

[[package]]
name = "tomli"
version = "2.0.1"
source = { registry = "https://pypi.org/simple" }
sdist = { url = "https://files.pythonhosted.org/packages/c0/3f/d7af728f075fb08564c5949a9c95e44352e23dee646869fa104a3b2060a3/tomli-2.0.1.tar.gz", hash = "sha256:de526c12914f0c550d15924c62d72abc48d6fe7364aa87328337a31007fe8a4f", size = 15164 }
wheels = [
    { url = "https://files.pythonhosted.org/packages/97/75/10a9ebee3fd790d20926a90a2547f0bf78f371b2f13aa822c759680ca7b9/tomli-2.0.1-py3-none-any.whl", hash = "sha256:939de3e7a6161af0c887ef91b7d41a53e7c5a1ca976325f429cb46ea9bc30ecc", size = 12757 },
]

[[package]]
name = "tomli-w"
version = "1.0.0"
source = { registry = "https://pypi.org/simple" }
sdist = { url = "https://files.pythonhosted.org/packages/49/05/6bf21838623186b91aedbda06248ad18f03487dc56fbc20e4db384abde6c/tomli_w-1.0.0.tar.gz", hash = "sha256:f463434305e0336248cac9c2dc8076b707d8a12d019dd349f5c1e382dd1ae1b9", size = 6531 }
wheels = [
    { url = "https://files.pythonhosted.org/packages/bb/01/1da9c66ecb20f31ed5aa5316a957e0b1a5e786a0d9689616ece4ceaf1321/tomli_w-1.0.0-py3-none-any.whl", hash = "sha256:9f2a07e8be30a0729e533ec968016807069991ae2fd921a78d42f429ae5f4463", size = 5984 },
]

[[package]]
name = "unidiff"
version = "0.7.5"
source = { registry = "https://pypi.org/simple" }
sdist = { url = "https://files.pythonhosted.org/packages/a3/48/81be0ac96e423a877754153699731ef439fd7b80b4c8b5425c94ed079ebd/unidiff-0.7.5.tar.gz", hash = "sha256:2e5f0162052248946b9f0970a40e9e124236bf86c82b70821143a6fc1dea2574", size = 20931 }
wheels = [
    { url = "https://files.pythonhosted.org/packages/8a/54/57c411a6e8f7bd7848c8b66e4dcaffa586bf4c02e63f2280db0327a4e6eb/unidiff-0.7.5-py2.py3-none-any.whl", hash = "sha256:c93bf2265cc1ba2a520e415ab05da587370bc2a3ae9e0414329f54f0c2fc09e8", size = 14386 },
]
