version = 1
revision = 3
requires-python = ">=3.11"

[manifest]
build-constraints = [{ name = "uv-build", specifier = "==0.12.3" }]

[[package]]
name = "ruff-ecosystem"
version = "0.0.0"
source = { editable = "." }
dependencies = [
    { name = "tomli" },
    { name = "tomli-w" },
    { name = "unidiff" },
]

[package.metadata]
requires-dist = [
    { name = "tomli", specifier = "==2.4.1" },
    { name = "tomli-w", specifier = "==1.2.0" },
    { name = "unidiff", specifier = "==1.0.0" },
]

[[package]]
name = "tomli"
version = "2.4.1"
source = { registry = "https://pypi.org/simple" }
sdist = { url = "https://files.pythonhosted.org/packages/22/de/48c59722572767841493b26183a0d1cc411d54fd759c5607c4590b6563a6/tomli-2.4.1.tar.gz", hash = "sha256:7c7e1a961a0b2f2472c1ac5b69affa0ae1132c39adcb67aba98568702b9cc23f", size = 17543, upload-time = "2026-03-25T20:22:03.828Z" }
wheels = [
    { url = "https://files.pythonhosted.org/packages/f4/11/db3d5885d8528263d8adc260bb2d28ebf1270b96e98f0e0268d32b8d9900/tomli-2.4.1-cp311-cp311-macosx_10_9_x86_64.whl", hash = "sha256:f8f0fc26ec2cc2b965b7a3b87cd19c5c6b8c5e5f436b984e85f486d652285c30", size = 154704, upload-time = "2026-03-25T20:21:10.473Z" },
    { url = "https://files.pythonhosted.org/packages/6d/f7/675db52c7e46064a9aa928885a9b20f4124ecb9bc2e1ce74c9106648d202/tomli-2.4.1-cp311-cp311-macosx_11_0_arm64.whl", hash = "sha256:4ab97e64ccda8756376892c53a72bd1f964e519c77236368527f758fbc36a53a", size = 149454, upload-time = "2026-03-25T20:21:12.036Z" },
    { url = "https://files.pythonhosted.org/packages/61/71/81c50943cf953efa35bce7646caab3cf457a7d8c030b27cfb40d7235f9ee/tomli-2.4.1-cp311-cp311-manylinux2014_aarch64.manylinux_2_17_aarch64.manylinux_2_28_aarch64.whl", hash = "sha256:96481a5786729fd470164b47cdb3e0e58062a496f455ee41b4403be77cb5a076", size = 237561, upload-time = "2026-03-25T20:21:13.098Z" },
    { url = "https://files.pythonhosted.org/packages/48/c1/f41d9cb618acccca7df82aaf682f9b49013c9397212cb9f53219e3abac37/tomli-2.4.1-cp311-cp311-manylinux2014_x86_64.manylinux_2_17_x86_64.manylinux_2_28_x86_64.whl", hash = "sha256:5a881ab208c0baf688221f8cecc5401bd291d67e38a1ac884d6736cbcd8247e9", size = 243824, upload-time = "2026-03-25T20:21:14.569Z" },
    { url = "https://files.pythonhosted.org/packages/22/e4/5a816ecdd1f8ca51fb756ef684b90f2780afc52fc67f987e3c61d800a46d/tomli-2.4.1-cp311-cp311-musllinux_1_2_aarch64.whl", hash = "sha256:47149d5bd38761ac8be13a84864bf0b7b70bc051806bc3669ab1cbc56216b23c", size = 242227, upload-time = "2026-03-25T20:21:15.712Z" },
    { url = "https://files.pythonhosted.org/packages/6b/49/2b2a0ef529aa6eec245d25f0c703e020a73955ad7edf73e7f54ddc608aa5/tomli-2.4.1-cp311-cp311-musllinux_1_2_x86_64.whl", hash = "sha256:ec9bfaf3ad2df51ace80688143a6a4ebc09a248f6ff781a9945e51937008fcbc", size = 247859, upload-time = "2026-03-25T20:21:17.001Z" },
    { url = "https://files.pythonhosted.org/packages/83/bd/6c1a630eaca337e1e78c5903104f831bda934c426f9231429396ce3c3467/tomli-2.4.1-cp311-cp311-win32.whl", hash = "sha256:ff2983983d34813c1aeb0fa89091e76c3a22889ee83ab27c5eeb45100560c049", size = 97204, upload-time = "2026-03-25T20:21:18.079Z" },
    { url = "https://files.pythonhosted.org/packages/42/59/71461df1a885647e10b6bb7802d0b8e66480c61f3f43079e0dcd315b3954/tomli-2.4.1-cp311-cp311-win_amd64.whl", hash = "sha256:5ee18d9ebdb417e384b58fe414e8d6af9f4e7a0ae761519fb50f721de398dd4e", size = 108084, upload-time = "2026-03-25T20:21:18.978Z" },
    { url = "https://files.pythonhosted.org/packages/b8/83/dceca96142499c069475b790e7913b1044c1a4337e700751f48ed723f883/tomli-2.4.1-cp311-cp311-win_arm64.whl", hash = "sha256:c2541745709bad0264b7d4705ad453b76ccd191e64aa6f0fc66b69a293a45ece", size = 95285, upload-time = "2026-03-25T20:21:20.309Z" },
    { url = "https://files.pythonhosted.org/packages/c1/ba/42f134a3fe2b370f555f44b1d72feebb94debcab01676bf918d0cb70e9aa/tomli-2.4.1-cp312-cp312-macosx_10_13_x86_64.whl", hash = "sha256:c742f741d58a28940ce01d58f0ab2ea3ced8b12402f162f4d534dfe18ba1cd6a", size = 155924, upload-time = "2026-03-25T20:21:21.626Z" },
    { url = "https://files.pythonhosted.org/packages/dc/c7/62d7a17c26487ade21c5422b646110f2162f1fcc95980ef7f63e73c68f14/tomli-2.4.1-cp312-cp312-macosx_11_0_arm64.whl", hash = "sha256:7f86fd587c4ed9dd76f318225e7d9b29cfc5a9d43de44e5754db8d1128487085", size = 150018, upload-time = "2026-03-25T20:21:23.002Z" },
    { url = "https://files.pythonhosted.org/packages/5c/05/79d13d7c15f13bdef410bdd49a6485b1c37d28968314eabee452c22a7fda/tomli-2.4.1-cp312-cp312-manylinux2014_aarch64.manylinux_2_17_aarch64.manylinux_2_28_aarch64.whl", hash = "sha256:ff18e6a727ee0ab0388507b89d1bc6a22b138d1e2fa56d1ad494586d61d2eae9", size = 244948, upload-time = "2026-03-25T20:21:24.04Z" },
    { url = "https://files.pythonhosted.org/packages/10/90/d62ce007a1c80d0b2c93e02cab211224756240884751b94ca72df8a875ca/tomli-2.4.1-cp312-cp312-manylinux2014_x86_64.manylinux_2_17_x86_64.manylinux_2_28_x86_64.whl", hash = "sha256:136443dbd7e1dee43c68ac2694fde36b2849865fa258d39bf822c10e8068eac5", size = 253341, upload-time = "2026-03-25T20:21:25.177Z" },
    { url = "https://files.pythonhosted.org/packages/1a/7e/caf6496d60152ad4ed09282c1885cca4eea150bfd007da84aea07bcc0a3e/tomli-2.4.1-cp312-cp312-musllinux_1_2_aarch64.whl", hash = "sha256:5e262d41726bc187e69af7825504c933b6794dc3fbd5945e41a79bb14c31f585", size = 248159, upload-time = "2026-03-25T20:21:26.364Z" },
    { url = "https://files.pythonhosted.org/packages/99/e7/c6f69c3120de34bbd882c6fba7975f3d7a746e9218e56ab46a1bc4b42552/tomli-2.4.1-cp312-cp312-musllinux_1_2_x86_64.whl", hash = "sha256:5cb41aa38891e073ee49d55fbc7839cfdb2bc0e600add13874d048c94aadddd1", size = 253290, upload-time = "2026-03-25T20:21:27.46Z" },
    { url = "https://files.pythonhosted.org/packages/d6/2f/4a3c322f22c5c66c4b836ec58211641a4067364f5dcdd7b974b4c5da300c/tomli-2.4.1-cp312-cp312-win32.whl", hash = "sha256:da25dc3563bff5965356133435b757a795a17b17d01dbc0f42fb32447ddfd917", size = 98141, upload-time = "2026-03-25T20:21:28.492Z" },
    { url = "https://files.pythonhosted.org/packages/24/22/4daacd05391b92c55759d55eaee21e1dfaea86ce5c571f10083360adf534/tomli-2.4.1-cp312-cp312-win_amd64.whl", hash = "sha256:52c8ef851d9a240f11a88c003eacb03c31fc1c9c4ec64a99a0f922b93874fda9", size = 108847, upload-time = "2026-03-25T20:21:29.386Z" },
    { url = "https://files.pythonhosted.org/packages/68/fd/70e768887666ddd9e9f5d85129e84910f2db2796f9096aa02b721a53098d/tomli-2.4.1-cp312-cp312-win_arm64.whl", hash = "sha256:f758f1b9299d059cc3f6546ae2af89670cb1c4d48ea29c3cacc4fe7de3058257", size = 95088, upload-time = "2026-03-25T20:21:30.677Z" },
    { url = "https://files.pythonhosted.org/packages/07/06/b823a7e818c756d9a7123ba2cda7d07bc2dd32835648d1a7b7b7a05d848d/tomli-2.4.1-cp313-cp313-macosx_10_13_x86_64.whl", hash = "sha256:36d2bd2ad5fb9eaddba5226aa02c8ec3fa4f192631e347b3ed28186d43be6b54", size = 155866, upload-time = "2026-03-25T20:21:31.65Z" },
    { url = "https://files.pythonhosted.org/packages/14/6f/12645cf7f08e1a20c7eb8c297c6f11d31c1b50f316a7e7e1e1de6e2e7b7e/tomli-2.4.1-cp313-cp313-macosx_11_0_arm64.whl", hash = "sha256:eb0dc4e38e6a1fd579e5d50369aa2e10acfc9cace504579b2faabb478e76941a", size = 149887, upload-time = "2026-03-25T20:21:33.028Z" },
    { url = "https://files.pythonhosted.org/packages/5c/e0/90637574e5e7212c09099c67ad349b04ec4d6020324539297b634a0192b0/tomli-2.4.1-cp313-cp313-manylinux2014_aarch64.manylinux_2_17_aarch64.manylinux_2_28_aarch64.whl", hash = "sha256:c7f2c7f2b9ca6bdeef8f0fa897f8e05085923eb091721675170254cbc5b02897", size = 243704, upload-time = "2026-03-25T20:21:34.51Z" },
    { url = "https://files.pythonhosted.org/packages/10/8f/d3ddb16c5a4befdf31a23307f72828686ab2096f068eaf56631e136c1fdd/tomli-2.4.1-cp313-cp313-manylinux2014_x86_64.manylinux_2_17_x86_64.manylinux_2_28_x86_64.whl", hash = "sha256:f3c6818a1a86dd6dca7ddcaaf76947d5ba31aecc28cb1b67009a5877c9a64f3f", size = 251628, upload-time = "2026-03-25T20:21:36.012Z" },
    { url = "https://files.pythonhosted.org/packages/e3/f1/dbeeb9116715abee2485bf0a12d07a8f31af94d71608c171c45f64c0469d/tomli-2.4.1-cp313-cp313-musllinux_1_2_aarch64.whl", hash = "sha256:d312ef37c91508b0ab2cee7da26ec0b3ed2f03ce12bd87a588d771ae15dcf82d", size = 247180, upload-time = "2026-03-25T20:21:37.136Z" },
    { url = "https://files.pythonhosted.org/packages/d3/74/16336ffd19ed4da28a70959f92f506233bd7cfc2332b20bdb01591e8b1d1/tomli-2.4.1-cp313-cp313-musllinux_1_2_x86_64.whl", hash = "sha256:51529d40e3ca50046d7606fa99ce3956a617f9b36380da3b7f0dd3dd28e68cb5", size = 251674, upload-time = "2026-03-25T20:21:38.298Z" },
    { url = "https://files.pythonhosted.org/packages/16/f9/229fa3434c590ddf6c0aa9af64d3af4b752540686cace29e6281e3458469/tomli-2.4.1-cp313-cp313-win32.whl", hash = "sha256:2190f2e9dd7508d2a90ded5ed369255980a1bcdd58e52f7fe24b8162bf9fedbd", size = 97976, upload-time = "2026-03-25T20:21:39.316Z" },
    { url = "https://files.pythonhosted.org/packages/6a/1e/71dfd96bcc1c775420cb8befe7a9d35f2e5b1309798f009dca17b7708c1e/tomli-2.4.1-cp313-cp313-win_amd64.whl", hash = "sha256:8d65a2fbf9d2f8352685bc1364177ee3923d6baf5e7f43ea4959d7d8bc326a36", size = 108755, upload-time = "2026-03-25T20:21:40.248Z" },
    { url = "https://files.pythonhosted.org/packages/83/7a/d34f422a021d62420b78f5c538e5b102f62bea616d1d75a13f0a88acb04a/tomli-2.4.1-cp313-cp313-win_arm64.whl", hash = "sha256:4b605484e43cdc43f0954ddae319fb75f04cc10dd80d830540060ee7cd0243cd", size = 95265, upload-time = "2026-03-25T20:21:41.219Z" },
    { url = "https://files.pythonhosted.org/packages/3c/fb/9a5c8d27dbab540869f7c1f8eb0abb3244189ce780ba9cd73f3770662072/tomli-2.4.1-cp314-cp314-macosx_10_15_x86_64.whl", hash = "sha256:fd0409a3653af6c147209d267a0e4243f0ae46b011aa978b1080359fddc9b6cf", size = 155726, upload-time = "2026-03-25T20:21:42.23Z" },
    { url = "https://files.pythonhosted.org/packages/62/05/d2f816630cc771ad836af54f5001f47a6f611d2d39535364f148b6a92d6b/tomli-2.4.1-cp314-cp314-macosx_11_0_arm64.whl", hash = "sha256:a120733b01c45e9a0c34aeef92bf0cf1d56cfe81ed9d47d562f9ed591a9828ac", size = 149859, upload-time = "2026-03-25T20:21:43.386Z" },
    { url = "https://files.pythonhosted.org/packages/ce/48/66341bdb858ad9bd0ceab5a86f90eddab127cf8b046418009f2125630ecb/tomli-2.4.1-cp314-cp314-manylinux2014_aarch64.manylinux_2_17_aarch64.manylinux_2_28_aarch64.whl", hash = "sha256:559db847dc486944896521f68d8190be1c9e719fced785720d2216fe7022b662", size = 244713, upload-time = "2026-03-25T20:21:44.474Z" },
    { url = "https://files.pythonhosted.org/packages/df/6d/c5fad00d82b3c7a3ab6189bd4b10e60466f22cfe8a08a9394185c8a8111c/tomli-2.4.1-cp314-cp314-manylinux2014_x86_64.manylinux_2_17_x86_64.manylinux_2_28_x86_64.whl", hash = "sha256:01f520d4f53ef97964a240a035ec2a869fe1a37dde002b57ebc4417a27ccd853", size = 252084, upload-time = "2026-03-25T20:21:45.62Z" },
    { url = "https://files.pythonhosted.org/packages/00/71/3a69e86f3eafe8c7a59d008d245888051005bd657760e96d5fbfb0b740c2/tomli-2.4.1-cp314-cp314-musllinux_1_2_aarch64.whl", hash = "sha256:7f94b27a62cfad8496c8d2513e1a222dd446f095fca8987fceef261225538a15", size = 247973, upload-time = "2026-03-25T20:21:46.937Z" },
    { url = "https://files.pythonhosted.org/packages/67/50/361e986652847fec4bd5e4a0208752fbe64689c603c7ae5ea7cb16b1c0ca/tomli-2.4.1-cp314-cp314-musllinux_1_2_x86_64.whl", hash = "sha256:ede3e6487c5ef5d28634ba3f31f989030ad6af71edfb0055cbbd14189ff240ba", size = 256223, upload-time = "2026-03-25T20:21:48.467Z" },
    { url = "https://files.pythonhosted.org/packages/8c/9a/b4173689a9203472e5467217e0154b00e260621caa227b6fa01feab16998/tomli-2.4.1-cp314-cp314-win32.whl", hash = "sha256:3d48a93ee1c9b79c04bb38772ee1b64dcf18ff43085896ea460ca8dec96f35f6", size = 98973, upload-time = "2026-03-25T20:21:49.526Z" },
    { url = "https://files.pythonhosted.org/packages/14/58/640ac93bf230cd27d002462c9af0d837779f8773bc03dee06b5835208214/tomli-2.4.1-cp314-cp314-win_amd64.whl", hash = "sha256:88dceee75c2c63af144e456745e10101eb67361050196b0b6af5d717254dddf7", size = 109082, upload-time = "2026-03-25T20:21:50.506Z" },
    { url = "https://files.pythonhosted.org/packages/d5/2f/702d5e05b227401c1068f0d386d79a589bb12bf64c3d2c72ce0631e3bc49/tomli-2.4.1-cp314-cp314-win_arm64.whl", hash = "sha256:b8c198f8c1805dc42708689ed6864951fd2494f924149d3e4bce7710f8eb5232", size = 96490, upload-time = "2026-03-25T20:21:51.474Z" },
    { url = "https://files.pythonhosted.org/packages/45/4b/b877b05c8ba62927d9865dd980e34a755de541eb65fffba52b4cc495d4d2/tomli-2.4.1-cp314-cp314t-macosx_10_15_x86_64.whl", hash = "sha256:d4d8fe59808a54658fcc0160ecfb1b30f9089906c50b23bcb4c69eddc19ec2b4", size = 164263, upload-time = "2026-03-25T20:21:52.543Z" },
    { url = "https://files.pythonhosted.org/packages/24/79/6ab420d37a270b89f7195dec5448f79400d9e9c1826df982f3f8e97b24fd/tomli-2.4.1-cp314-cp314t-macosx_11_0_arm64.whl", hash = "sha256:7008df2e7655c495dd12d2a4ad038ff878d4ca4b81fccaf82b714e07eae4402c", size = 160736, upload-time = "2026-03-25T20:21:53.674Z" },
    { url = "https://files.pythonhosted.org/packages/02/e0/3630057d8eb170310785723ed5adcdfb7d50cb7e6455f85ba8a3deed642b/tomli-2.4.1-cp314-cp314t-manylinux2014_aarch64.manylinux_2_17_aarch64.manylinux_2_28_aarch64.whl", hash = "sha256:1d8591993e228b0c930c4bb0db464bdad97b3289fb981255d6c9a41aedc84b2d", size = 270717, upload-time = "2026-03-25T20:21:55.129Z" },
    { url = "https://files.pythonhosted.org/packages/7a/b4/1613716072e544d1a7891f548d8f9ec6ce2faf42ca65acae01d76ea06bb0/tomli-2.4.1-cp314-cp314t-manylinux2014_x86_64.manylinux_2_17_x86_64.manylinux_2_28_x86_64.whl", hash = "sha256:734e20b57ba95624ecf1841e72b53f6e186355e216e5412de414e3c51e5e3c41", size = 278461, upload-time = "2026-03-25T20:21:56.228Z" },
    { url = "https://files.pythonhosted.org/packages/05/38/30f541baf6a3f6df77b3df16b01ba319221389e2da59427e221ef417ac0c/tomli-2.4.1-cp314-cp314t-musllinux_1_2_aarch64.whl", hash = "sha256:8a650c2dbafa08d42e51ba0b62740dae4ecb9338eefa093aa5c78ceb546fcd5c", size = 274855, upload-time = "2026-03-25T20:21:57.653Z" },
    { url = "https://files.pythonhosted.org/packages/77/a3/ec9dd4fd2c38e98de34223b995a3b34813e6bdadf86c75314c928350ed14/tomli-2.4.1-cp314-cp314t-musllinux_1_2_x86_64.whl", hash = "sha256:504aa796fe0569bb43171066009ead363de03675276d2d121ac1a4572397870f", size = 283144, upload-time = "2026-03-25T20:21:59.089Z" },
    { url = "https://files.pythonhosted.org/packages/ef/be/605a6261cac79fba2ec0c9827e986e00323a1945700969b8ee0b30d85453/tomli-2.4.1-cp314-cp314t-win32.whl", hash = "sha256:b1d22e6e9387bf4739fbe23bfa80e93f6b0373a7f1b96c6227c32bef95a4d7a8", size = 108683, upload-time = "2026-03-25T20:22:00.214Z" },
    { url = "https://files.pythonhosted.org/packages/12/64/da524626d3b9cc40c168a13da8335fe1c51be12c0a63685cc6db7308daae/tomli-2.4.1-cp314-cp314t-win_amd64.whl", hash = "sha256:2c1c351919aca02858f740c6d33adea0c5deea37f9ecca1cc1ef9e884a619d26", size = 121196, upload-time = "2026-03-25T20:22:01.169Z" },
    { url = "https://files.pythonhosted.org/packages/5a/cd/e80b62269fc78fc36c9af5a6b89c835baa8af28ff5ad28c7028d60860320/tomli-2.4.1-cp314-cp314t-win_arm64.whl", hash = "sha256:eab21f45c7f66c13f2a9e0e1535309cee140182a9cdae1e041d02e47291e8396", size = 100393, upload-time = "2026-03-25T20:22:02.137Z" },
    { url = "https://files.pythonhosted.org/packages/7b/61/cceae43728b7de99d9b847560c262873a1f6c98202171fd5ed62640b494b/tomli-2.4.1-py3-none-any.whl", hash = "sha256:0d85819802132122da43cb86656f8d1f8c6587d54ae7dcaf30e90533028b49fe", size = 14583, upload-time = "2026-03-25T20:22:03.012Z" },
]

[[package]]
name = "tomli-w"
version = "1.2.0"
source = { registry = "https://pypi.org/simple" }
sdist = { url = "https://files.pythonhosted.org/packages/19/75/241269d1da26b624c0d5e110e8149093c759b7a286138f4efd61a60e75fe/tomli_w-1.2.0.tar.gz", hash = "sha256:2dd14fac5a47c27be9cd4c976af5a12d87fb1f0b4512f81d69cce3b35ae25021", size = 7184, upload-time = "2025-01-15T12:07:24.262Z" }
wheels = [
    { url = "https://files.pythonhosted.org/packages/c7/18/c86eb8e0202e32dd3df50d43d7ff9854f8e0603945ff398974c1d91ac1ef/tomli_w-1.2.0-py3-none-any.whl", hash = "sha256:188306098d013b691fcadc011abd66727d3c414c571bb01b1a174ba8c983cf90", size = 6675, upload-time = "2025-01-15T12:07:22.074Z" },
]

[[package]]
name = "unidiff"
version = "1.0.0"
source = { registry = "https://pypi.org/simple" }
sdist = { url = "https://files.pythonhosted.org/packages/98/48/6ebfbda867e1a07bab3bbffe820e980bff8262c97ff77d1496a4fa15e711/unidiff-1.0.0.tar.gz", hash = "sha256:5e5d5cfab2dc98be819b74747ab7d9f5af8695369ec8710b93f9ab0f0ae6a449", size = 29365, upload-time = "2026-07-25T19:13:59.917Z" }
wheels = [
    { url = "https://files.pythonhosted.org/packages/65/ca/860142913b2fee25c78b3af733054e248c488bd83cf6cfb97969e98e3bcf/unidiff-1.0.0-py3-none-any.whl", hash = "sha256:2e1fb4eebe2354a26a1f3d51efe2e5d504cae5764b98ed8bdbb4e7a000baff28", size = 18279, upload-time = "2026-07-25T19:13:58.797Z" },
]
