on:
  workflow_call:

permissions:
  contents: read

env:
  UV_LOCKED: 1

jobs:
  lock:
    timeout-minutes: 10
    runs-on: ubuntu-slim
    name: "uv lockfiles"
    steps:
      - uses: actions/checkout@3d3c42e5aac5ba805825da76410c181273ba90b1 # v7.0.1
        with:
          persist-credentials: false
      - name: "Install uv"
        uses: astral-sh/setup-uv@20cfd1bf945f4377ade1205e4dbc17946fc9a30d # v10.0.1
        with:
          version: "0.12.9"
      - name: "Check lockfiles"
        run: ./scripts/workspace-lock.sh --check
